<?xml version="1.0" encoding="utf-8"?>
<Project ToolsVersion="4.0" xmlns="http://schemas.microsoft.com/developer/msbuild/2003">
  <ItemGroup>
    <Filter Include="Исходные файлы">
      <UniqueIdentifier>{4FC737F1-C7A5-4376-A066-2A32D752A2FF}</UniqueIdentifier>
      <Extensions>cpp;c;cc;cxx;c++;cppm;ixx;def;odl;idl;hpj;bat;asm;asmx</Extensions>
    </Filter>
    <Filter Include="Файлы заголовков">
      <UniqueIdentifier>{93995380-89BD-4b04-88EB-625FBE52EBFB}</UniqueIdentifier>
      <Extensions>h;hh;hpp;hxx;h++;hm;inl;inc;ipp;xsd</Extensions>
    </Filter>
    <Filter Include="Файлы ресурсов">
      <UniqueIdentifier>{67DA6AB6-F800-4c08-8B7A-83BB121AAD01}</UniqueIdentifier>
      <Extensions>rc;ico;cur;bmp;dlg;rc2;rct;bin;rgs;gif;jpg;jpeg;jpe;resx;tiff;tif;png;wav;mfcribbon-ms</Extensions>
    </Filter>
    <Filter Include="Исходные файлы\midi">
      <UniqueIdentifier>{10c82658-7ca8-4380-9889-a41c51d7f4ab}</UniqueIdentifier>
    </Filter>
    <Filter Include="Файлы заголовков\midi">
      <UniqueIdentifier>{7378f404-5ee7-4eda-9cc6-3807af9c6b12}</UniqueIdentifier>
    </Filter>
    <Filter Include="Файлы заголовков\globals">
      <UniqueIdentifier>{3a665af4-17a8-4d80-bd3a-940ad2b957dc}</UniqueIdentifier>
    </Filter>
    <Filter Include="Исходные файлы\light">
      <UniqueIdentifier>{c19a8645-e832-4b3f-8e7f-91276626a018}</UniqueIdentifier>
    </Filter>
    <Filter Include="Файлы заголовков\light">
      <UniqueIdentifier>{22626ea7-b8bc-489e-a73f-0a13a3b131ec}</UniqueIdentifier>
    </Filter>
    <Filter Include="Файлы заголовков\mqtt">
      <UniqueIdentifier>{f2f01b63-5077-4875-b0a2-407d9f8ee72e}</UniqueIdentifier>
    </Filter>
    <Filter Include="Исходные файлы\mqtt">
      <UniqueIdentifier>{892ceceb-5673-4ade-bd33-276eeb808137}</UniqueIdentifier>
    </Filter>
    <Filter Include="Файлы заголовков\plugins">
      <UniqueIdentifier>{5aaa7d2e-31c9-46f9-8428-52cfe4ec111f}</UniqueIdentifier>
    </Filter>
    <Filter Include="Исходные файлы\plugins">
      <UniqueIdentifier>{38a201ab-d4f1-4ec3-ae99-bf7c9cde51d5}</UniqueIdentifier>
    </Filter>
    <Filter Include="Исходные файлы\json">
      <UniqueIdentifier>{0e1161ca-25ec-47a3-a5e3-443eb4c2f2fa}</UniqueIdentifier>
    </Filter>
    <Filter Include="Файлы заголовков\json">
      <UniqueIdentifier>{23471283-f6d5-4f96-8401-11ef7796a071}</UniqueIdentifier>
    </Filter>
    <Filter Include="Исходные файлы\remote">
      <UniqueIdentifier>{38e3b3e0-4045-4b24-b987-107a74030988}</UniqueIdentifier>
    </Filter>
    <Filter Include="Файлы заголовков\remote">
      <UniqueIdentifier>{720ad308-2880-479e-96e1-ee29d2511a3c}</UniqueIdentifier>
    </Filter>
    <Filter Include="Файлы заголовков\joystick">
      <UniqueIdentifier>{fad97c15-0bbc-45db-8a95-9baf104cfaff}</UniqueIdentifier>
    </Filter>
    <Filter Include="Исходные файлы\joystick">
      <UniqueIdentifier>{a6a3b84c-d4d3-4fee-8570-4f459e2f5014}</UniqueIdentifier>
    </Filter>
    <Filter Include="Исходные файлы\script">
      <UniqueIdentifier>{77bfeb56-79ce-4afb-82bd-3651b4374b63}</UniqueIdentifier>
    </Filter>
    <Filter Include="Файлы заголовков\script">
      <UniqueIdentifier>{842fc059-78ec-4cd9-bc83-70a1cd5ca7a2}</UniqueIdentifier>
    </Filter>
  </ItemGroup>
  <ItemGroup>
    <ClInclude Include="..\Common\h\locker_auto.h">
      <Filter>Файлы заголовков</Filter>
    </ClInclude>
    <ClInclude Include="..\Common\h\locker_awaiter.h">
      <Filter>Файлы заголовков</Filter>
    </ClInclude>
    <ClInclude Include="..\Common\h\common_timer.h">
      <Filter>Файлы заголовков</Filter>
    </ClInclude>
    <ClInclude Include="..\Common\h\log_string.h">
      <Filter>Файлы заголовков</Filter>
    </ClInclude>
    <ClInclude Include="..\Common\h\common_utils.h">
      <Filter>Файлы заголовков</Filter>
    </ClInclude>
    <ClInclude Include="..\Common\rc\resource.h">
      <Filter>Файлы заголовков</Filter>
    </ClInclude>
    <ClInclude Include="..\Common\h\seh_exception.h">
      <Filter>Файлы заголовков</Filter>
    </ClInclude>
    <ClInclude Include="..\Common\h\worker_background.h">
      <Filter>Файлы заголовков</Filter>
    </ClInclude>
    <ClInclude Include="..\Common\h\common_config.h">
      <Filter>Файлы заголовков</Filter>
    </ClInclude>
    <ClInclude Include="h\winreg.h">
      <Filter>Файлы заголовков</Filter>
    </ClInclude>
    <ClInclude Include="..\Common\h\registry.h">
      <Filter>Файлы заголовков</Filter>
    </ClInclude>
    <ClInclude Include="..\Common\h\common_event.h">
      <Filter>Файлы заголовков</Filter>
    </ClInclude>
    <ClInclude Include="..\Common\h\ui_themes.h">
      <Filter>Файлы заголовков</Filter>
    </ClInclude>
    <ClInclude Include="..\Common\h\handle_ptr.h">
      <Filter>Файлы заголовков</Filter>
    </ClInclude>
    <ClInclude Include="..\Common\h\common_error.h">
      <Filter>Файлы заголовков</Filter>
    </ClInclude>
    <ClInclude Include="..\Common\h\common_error_id.h">
      <Filter>Файлы заголовков</Filter>
    </ClInclude>
    <ClInclude Include="..\Common\h\common_error_string.h">
      <Filter>Файлы заголовков</Filter>
    </ClInclude>
    <ClInclude Include="..\Common\h\midi\Mackie.h">
      <Filter>Файлы заголовков\midi</Filter>
    </ClInclude>
    <ClInclude Include="..\Common\h\midi\MackieHelper.h">
      <Filter>Файлы заголовков\midi</Filter>
    </ClInclude>
    <ClInclude Include="..\Common\h\midi\MidiData.h">
      <Filter>Файлы заголовков\midi</Filter>
    </ClInclude>
    <ClInclude Include="..\Common\h\midi\Midi.h">
      <Filter>Файлы заголовков\midi</Filter>
    </ClInclude>
    <ClInclude Include="..\Common\h\midi\MidiHelper.h">
      <Filter>Файлы заголовков\midi</Filter>
    </ClInclude>
    <ClInclude Include="h\global.h">
      <Filter>Файлы заголовков\globals</Filter>
    </ClInclude>
    <ClInclude Include="MIDIMTApi.h">
      <Filter>Файлы заголовков\globals</Filter>
    </ClInclude>
    <ClInclude Include="..\Common\h\CommonApi.h">
      <Filter>Файлы заголовков\globals</Filter>
    </ClInclude>
    <ClInclude Include="..\Common\h\mqtt\BrokerConfig.h">
      <Filter>Файлы заголовков\mqtt</Filter>
    </ClInclude>
    <ClInclude Include="..\Common\h\remote\RemoteConfig.h">
      <Filter>Файлы заголовков\remote</Filter>
    </ClInclude>
    <ClInclude Include="..\Common\h\light\ArtnetPacket.h">
      <Filter>Файлы заголовков\light</Filter>
    </ClInclude>
    <ClInclude Include="..\Common\h\light\DMXPacket.h">
      <Filter>Файлы заголовков\light</Filter>
    </ClInclude>
    <ClInclude Include="..\Common\h\light\DMXSerialPortConfig.h">
      <Filter>Файлы заголовков\light</Filter>
    </ClInclude>
    <ClInclude Include="..\Common\h\light\ArtnetInterfaceConfig.h">
      <Filter>Файлы заголовков\light</Filter>
    </ClInclude>
    <ClInclude Include="..\Common\h\plugins\plugin_constant.h">
      <Filter>Файлы заголовков\plugins</Filter>
    </ClInclude>
    <ClInclude Include="..\Common\h\plugins\plugin_helper.h">
      <Filter>Файлы заголовков\plugins</Filter>
    </ClInclude>
    <ClInclude Include="..\Common\h\plugins\plugin_types.h">
      <Filter>Файлы заголовков\plugins</Filter>
    </ClInclude>
    <ClInclude Include="..\Common\h\plugins\plugin.h">
      <Filter>Файлы заголовков\plugins</Filter>
    </ClInclude>
    <ClInclude Include="..\Common\h\plugins\plugin_cb.h">
      <Filter>Файлы заголовков\plugins</Filter>
    </ClInclude>
    <ClInclude Include="..\Common\h\plugins\plugin_info.h">
      <Filter>Файлы заголовков\plugins</Filter>
    </ClInclude>
    <ClInclude Include="..\Common\h\json\json_config.h">
      <Filter>Файлы заголовков\json</Filter>
    </ClInclude>
    <ClInclude Include="..\Common\h\json\json_recent.h">
      <Filter>Файлы заголовков\json</Filter>
    </ClInclude>
    <ClInclude Include="..\Common\h\json\tiny_json.h">
      <Filter>Файлы заголовков\json</Filter>
    </ClInclude>
    <ClInclude Include="..\Common\h\json\main_config.h">
      <Filter>Файлы заголовков\json</Filter>
    </ClInclude>
    <ClInclude Include="..\Common\h\plugins\plugin_ui.h">
      <Filter>Файлы заголовков\plugins</Filter>
    </ClInclude>
    <ClInclude Include="..\Common\h\hwnd_ptr.h">
      <Filter>Файлы заголовков</Filter>
    </ClInclude>
    <ClInclude Include="..\Common\h\light\LightsConfig.h">
      <Filter>Файлы заголовков\light</Filter>
    </ClInclude>
    <ClInclude Include="..\Common\h\joystick\JoystickConfig.h">
      <Filter>Файлы заголовков\joystick</Filter>
    </ClInclude>
    <ClInclude Include="..\Common\h\script\VmScriptConfig.h">
      <Filter>Файлы заголовков\script</Filter>
    </ClInclude>
    <ClInclude Include="..\Common\h\common_file_watch.h">
      <Filter>Файлы заголовков</Filter>
    </ClInclude>
    <ClInclude Include="..\Common\h\common_static.h">
      <Filter>Файлы заголовков</Filter>
    </ClInclude>
  </ItemGroup>
  <ItemGroup>
    <ClCompile Include="cpp\locker_auto.cpp">
      <Filter>Исходные файлы</Filter>
    </ClCompile>
    <ClCompile Include="cpp\locker_awaiter.cpp">
      <Filter>Исходные файлы</Filter>
    </ClCompile>
    <ClCompile Include="cpp\common_timer.cpp">
      <Filter>Исходные файлы</Filter>
    </ClCompile>
    <ClCompile Include="cpp\dllmain.cpp">
      <Filter>Исходные файлы</Filter>
    </ClCompile>
    <ClCompile Include="cpp\log_string.cpp">
      <Filter>Исходные файлы</Filter>
    </ClCompile>
    <ClCompile Include="cpp\common_utils.cpp">
      <Filter>Исходные файлы</Filter>
    </ClCompile>
    <ClCompile Include="cpp\seh_exception.cpp">
      <Filter>Исходные файлы</Filter>
    </ClCompile>
    <ClCompile Include="cpp\worker_background.cpp">
      <Filter>Исходные файлы</Filter>
    </ClCompile>
    <ClCompile Include="cpp\common_config.cpp">
      <Filter>Исходные файлы</Filter>
    </ClCompile>
    <ClCompile Include="cpp\registry.cpp">
      <Filter>Исходные файлы</Filter>
    </ClCompile>
    <ClCompile Include="cpp\ui_themes.cpp">
      <Filter>Исходные файлы</Filter>
    </ClCompile>
    <ClCompile Include="cpp\common_error.cpp">
      <Filter>Исходные файлы</Filter>
    </ClCompile>
    <ClCompile Include="cpp\midi\Mackie.cpp">
      <Filter>Исходные файлы\midi</Filter>
    </ClCompile>
    <ClCompile Include="cpp\midi\MackieHelper.cpp">
      <Filter>Исходные файлы\midi</Filter>
    </ClCompile>
    <ClCompile Include="cpp\midi\MidiData.cpp">
      <Filter>Исходные файлы\midi</Filter>
    </ClCompile>
    <ClCompile Include="cpp\midi\MidiHelper.cpp">
      <Filter>Исходные файлы\midi</Filter>
    </ClCompile>
    <ClCompile Include="cpp\mqtt\BrokerConfig.cpp">
      <Filter>Исходные файлы\mqtt</Filter>
    </ClCompile>
    <ClCompile Include="cpp\light\ArtnetPacket.cpp">
      <Filter>Исходные файлы\light</Filter>
    </ClCompile>
    <ClCompile Include="cpp\light\DMXPacket.cpp">
      <Filter>Исходные файлы\light</Filter>
    </ClCompile>
    <ClCompile Include="cpp\light\DMXSerialPortConfig.cpp">
      <Filter>Исходные файлы\light</Filter>
    </ClCompile>
    <ClCompile Include="cpp\light\ArtnetInterfaceConfig.cpp">
      <Filter>Исходные файлы\light</Filter>
    </ClCompile>
    <ClCompile Include="cpp\plugins\plugin_helper.cpp">
      <Filter>Исходные файлы\plugins</Filter>
    </ClCompile>
    <ClCompile Include="cpp\plugins\plugin_cb.cpp">
      <Filter>Исходные файлы\plugins</Filter>
    </ClCompile>
    <ClCompile Include="cpp\plugins\plugin_info.cpp">
      <Filter>Исходные файлы\plugins</Filter>
    </ClCompile>
    <ClCompile Include="cpp\plugins\plugin.cpp">
      <Filter>Исходные файлы\plugins</Filter>
    </ClCompile>
    <ClCompile Include="cpp\json\json_config.cpp">
      <Filter>Исходные файлы\json</Filter>
    </ClCompile>
    <ClCompile Include="cpp\json\json_recent.cpp">
      <Filter>Исходные файлы\json</Filter>
    </ClCompile>
    <ClCompile Include="cpp\json\tiny_json.cpp">
      <Filter>Исходные файлы\json</Filter>
    </ClCompile>
    <ClCompile Include="cpp\json\main_config.cpp">
      <Filter>Исходные файлы\json</Filter>
    </ClCompile>
    <ClCompile Include="cpp\plugins\plugin_ui.cpp">
      <Filter>Исходные файлы\plugins</Filter>
    </ClCompile>
    <ClCompile Include="cpp\hwnd_ptr.cpp">
      <Filter>Исходные файлы</Filter>
    </ClCompile>
    <ClCompile Include="cpp\light\LightsConfig.cpp">
      <Filter>Исходные файлы\light</Filter>
    </ClCompile>
    <ClCompile Include="cpp\remote\RemoteConfig.cpp">
      <Filter>Исходные файлы\remote</Filter>
    </ClCompile>
    <ClCompile Include="cpp\joystick\JoystickConfig.cpp">
      <Filter>Исходные файлы\joystick</Filter>
    </ClCompile>
    <ClCompile Include="cpp\script\VmScriptConfig.cpp">
      <Filter>Исходные файлы\script</Filter>
    </ClCompile>
    <ClCompile Include="cpp\common_file_watch.cpp">
      <Filter>Исходные файлы</Filter>
    </ClCompile>
    <ClCompile Include="cpp\common_static.cpp">
      <Filter>Исходные файлы</Filter>
    </ClCompile>
  </ItemGroup>
  <ItemGroup>
    <ResourceCompile Include="..\Common\rc\resource_dll.rc">
      <Filter>Файлы ресурсов</Filter>
    </ResourceCompile>
  </ItemGroup>
  <ItemGroup>
    <None Include="..\.editorconfig" />
    <None Include="cpp.hint" />
  </ItemGroup>
</Project>