
Microsoft Visual Studio Solution File, Format Version 12.00
# Visual Studio Version 17
VisualStudioVersion = 17.6.33723.286
MinimumVisualStudioVersion = 10.0.40219.1
Project("{2150E333-8FDC-42A3-9474-1A3956D46DE8}") = "MIDIMT APP", "MIDIMT APP", "{DCEF2D40-5F65-46AD-8773-4204038A6D79}"
EndProject
Project("{8BC9CEB8-8B4A-11D0-8D11-00A0C91BC942}") = "MIDIMTLIB", "MIDIMTDLL\MIDIMTLIB.vcxproj", "{93F0FDF9-7136-45CE-B098-541379D35070}"
	ProjectSection(ProjectDependencies) = postProject
		{23F5D121-DECE-5849-9FB7-979AC6276C01} = {23F5D121-DECE-5849-9FB7-979AC6276C01}
	EndProjectSection
EndProject
Project("{8BC9CEB8-8B4A-11D0-8D11-00A0C91BC942}") = "MIDIMTMIX", "MIDIMTMIX\MIDIMTMIX.vcxproj", "{C9F700C2-155F-458A-B29E-3E8FFCCDFE87}"
EndProject
Project("{8BC9CEB8-8B4A-11D0-8D11-00A0C91BC942}") = "EASYCTRL9", "EASYCTRL9\EASYCTRL9.vcxproj", "{382D330F-CB2B-4189-81FE-EA7754EA41F2}"
EndProject
Project("{8BC9CEB8-8B4A-11D0-8D11-00A0C91BC942}") = "MEDIAKEYS", "MEDIAKEYS\MEDIAKEYS.vcxproj", "{4C0CC943-4AEB-48B3-A433-A8BB864F41B0}"
EndProject
Project("{8BC9CEB8-8B4A-11D0-8D11-00A0C91BC942}") = "MIDIMT", "MIDIMT\MIDIMT.vcxproj", "{CD3E2202-B792-4FD9-B9B1-313224A46D76}"
	ProjectSection(ProjectDependencies) = postProject
		{4C0CC943-4AEB-48B3-A433-A8CC864F42B1} = {4C0CC943-4AEB-48B3-A433-A8CC864F42B1}
	EndProjectSection
EndProject
Project("{2150E333-8FDC-42A3-9474-1A3956D46DE8}") = "LANGS", "LANGS", "{DD450250-A421-491D-99A5-76C1A094A7C2}"
EndProject
Project("{8BC9CEB8-8B4A-11D0-8D11-00A0C91BC942}") = "MIDIMTxEN", "Languages\MIDIMTxEN\MIDIMTxEN.vcxproj", "{FE0BAF25-4F5C-4B44-9272-85D7AEE68102}"
	ProjectSection(ProjectDependencies) = postProject
		{23F5D121-DECE-5849-9FB7-979AC6276C01} = {23F5D121-DECE-5849-9FB7-979AC6276C01}
	EndProjectSection
EndProject
Project("{8BC9CEB8-8B4A-11D0-8D11-00A0C91BC942}") = "MIDIMTxRU", "Languages\MIDIMTxRU\MIDIMTxRU.vcxproj", "{FE0BAF25-4F5C-4B44-9272-85D7AEE69222}"
	ProjectSection(ProjectDependencies) = postProject
		{23F5D121-DECE-5849-9FB7-979AC6276C01} = {23F5D121-DECE-5849-9FB7-979AC6276C01}
	EndProjectSection
EndProject
Project("{2150E333-8FDC-42A3-9474-1A3956D46DE8}") = "BUILD UTILS", "BUILD UTILS", "{75CB774A-D06A-4EBF-8128-C9964CDA4B18}"
EndProject
Project("{8BC9CEB8-8B4A-11D0-8D11-00A0C91BC942}") = "MIDIMTBUILD", "MIDIMTBUILD\MIDIMTBUILD.vcxproj", "{23F5D121-DECE-5849-9FB7-979AC6276C01}"
EndProject
Project("{8BC9CEB8-8B4A-11D0-8D11-00A0C91BC942}") = "SMARTHOME", "SMARTHOME\SMARTHOME.vcxproj", "{4C0CC943-4AEB-48B3-A433-A8CC864F42B1}"
EndProject
Project("{8BC9CEB8-8B4A-11D0-8D11-00A0C91BC942}") = "MIDIMT-LIB-Test", "TESTS\MIDIMT-LIB-Test\MIDIMT-LIB-Test.vcxproj", "{B9C2EA1A-DB70-4A21-8C22-5B32D7584AF7}"
EndProject
Project("{2150E333-8FDC-42A3-9474-1A3956D46DE8}") = "TESTS", "TESTS", "{8153AE08-F501-4F00-BF8D-C39C78180851}"
EndProject
Project("{8BC9CEB8-8B4A-11D0-8D11-00A0C91BC942}") = "MIDIMTxBY", "Languages\MIDIMTxBY\MIDIMTxBY.vcxproj", "{FE0BAF25-4F5C-4B44-9272-85D7A0E09223}"
	ProjectSection(ProjectDependencies) = postProject
		{23F5D121-DECE-5849-9FB7-979AC6276C01} = {23F5D121-DECE-5849-9FB7-979AC6276C01}
	EndProjectSection
EndProject
Project("{8BC9CEB8-8B4A-11D0-8D11-00A0C91BC942}") = "MIDIMTxDE", "Languages\MIDIMTxDE\MIDIMTxDE.vcxproj", "{FE0BAF25-4F5C-4B44-9272-85D7A0E09224}"
	ProjectSection(ProjectDependencies) = postProject
		{23F5D121-DECE-5849-9FB7-979AC6276C01} = {23F5D121-DECE-5849-9FB7-979AC6276C01}
	EndProjectSection
EndProject
Project("{8BC9CEB8-8B4A-11D0-8D11-00A0C91BC942}") = "MIDIMTxFR", "Languages\MIDIMTxFR\MIDIMTxFR.vcxproj", "{FE0BAF25-4F5C-4B44-9272-85D7A0E09225}"
	ProjectSection(ProjectDependencies) = postProject
		{23F5D121-DECE-5849-9FB7-979AC6276C01} = {23F5D121-DECE-5849-9FB7-979AC6276C01}
	EndProjectSection
EndProject
Project("{8BC9CEB8-8B4A-11D0-8D11-00A0C91BC942}") = "MIDIMTxSL", "Languages\MIDIMTxSL\MIDIMTxSL.vcxproj", "{FE0BAF25-4F5C-4B44-9272-85D7A0E09226}"
	ProjectSection(ProjectDependencies) = postProject
		{23F5D121-DECE-5849-9FB7-979AC6276C01} = {23F5D121-DECE-5849-9FB7-979AC6276C01}
	EndProjectSection
EndProject
Project("{8BC9CEB8-8B4A-11D0-8D11-00A0C91BC942}") = "MIDIMTxBG", "Languages\MIDIMTxBG\MIDIMTxBG.vcxproj", "{FE0BAF25-4F5C-4B44-9272-85D7A0E09227}"
	ProjectSection(ProjectDependencies) = postProject
		{23F5D121-DECE-5849-9FB7-979AC6276C01} = {23F5D121-DECE-5849-9FB7-979AC6276C01}
	EndProjectSection
EndProject
Project("{8BC9CEB8-8B4A-11D0-8D11-00A0C91BC942}") = "MIDIMTxAR", "Languages\MIDIMTxAR\MIDIMTxAR.vcxproj", "{FE0BAF25-4F5C-4B44-9272-85D7A0E09228}"
	ProjectSection(ProjectDependencies) = postProject
		{23F5D121-DECE-5849-9FB7-979AC6276C01} = {23F5D121-DECE-5849-9FB7-979AC6276C01}
	EndProjectSection
EndProject
Project("{8BC9CEB8-8B4A-11D0-8D11-00A0C91BC942}") = "MIDIMTxGR", "Languages\MIDIMTxGR\MIDIMTxGR.vcxproj", "{FE0BAF25-4F5C-4B44-9272-85D7A0E09229}"
	ProjectSection(ProjectDependencies) = postProject
		{23F5D121-DECE-5849-9FB7-979AC6276C01} = {23F5D121-DECE-5849-9FB7-979AC6276C01}
	EndProjectSection
EndProject
Project("{8BC9CEB8-8B4A-11D0-8D11-00A0C91BC942}") = "MIDIMTxCN", "Languages\MIDIMTxCN\MIDIMTxCN.vcxproj", "{FE0BAF25-4F5C-4B44-9272-85D7A0E09232}"
	ProjectSection(ProjectDependencies) = postProject
		{23F5D121-DECE-5849-9FB7-979AC6276C01} = {23F5D121-DECE-5849-9FB7-979AC6276C01}
	EndProjectSection
EndProject
Project("{8BC9CEB8-8B4A-11D0-8D11-00A0C91BC942}") = "MIDIMTxCZ", "Languages\MIDIMTxCZ\MIDIMTxCZ.vcxproj", "{FE0BAF25-4F5C-4B44-9272-85D7A0E09230}"
	ProjectSection(ProjectDependencies) = postProject
		{23F5D121-DECE-5849-9FB7-979AC6276C01} = {23F5D121-DECE-5849-9FB7-979AC6276C01}
	EndProjectSection
EndProject
Project("{8BC9CEB8-8B4A-11D0-8D11-00A0C91BC942}") = "MIDIMTxSR", "Languages\MIDIMTxSR\MIDIMTxSR.vcxproj", "{FE0BAF25-4F5C-4B44-9272-85D7A0E09231}"
	ProjectSection(ProjectDependencies) = postProject
		{23F5D121-DECE-5849-9FB7-979AC6276C01} = {23F5D121-DECE-5849-9FB7-979AC6276C01}
	EndProjectSection
EndProject
Project("{8BC9CEB8-8B4A-11D0-8D11-00A0C91BC942}") = "MIDIMTxJP", "Languages\MIDIMTxJP\MIDIMTxJP.vcxproj", "{FE0BAF25-4F5C-4B44-9272-85D7A0E09233}"
	ProjectSection(ProjectDependencies) = postProject
		{23F5D121-DECE-5849-9FB7-979AC6276C01} = {23F5D121-DECE-5849-9FB7-979AC6276C01}
	EndProjectSection
EndProject
Project("{8BC9CEB8-8B4A-11D0-8D11-00A0C91BC942}") = "MIDIMT-Launcher", "MIDIMTLauncher\MIDIMT-Launcher.vcxproj", "{CD3E2202-B792-4FD9-A1A1-313224A4B4C4}"
EndProject
Project("{8BC9CEB8-8B4A-11D0-8D11-00A0C91BC942}") = "MIDIMTxBS", "Languages\MIDIMTxBS\MIDIMTxBS.vcxproj", "{FE0BAF25-4F5C-4B44-9272-85D7A0E09234}"
EndProject
Project("{8BC9CEB8-8B4A-11D0-8D11-00A0C91BC942}") = "MIDIMTxHR", "Languages\MIDIMTxHR\MIDIMTxHR.vcxproj", "{FE0BAF25-4F5C-4B44-9272-85D7A0E09235}"
EndProject
Project("{8BC9CEB8-8B4A-11D0-8D11-00A0C91BC942}") = "MIDIMTxHU", "Languages\MIDIMTxHU\MIDIMTxHU.vcxproj", "{FE0BAF25-4F5C-4B44-9272-85D7A0E09236}"
EndProject
Project("{8BC9CEB8-8B4A-11D0-8D11-00A0C91BC942}") = "MIDIMTxNR", "Languages\MIDIMTxNR\MIDIMTxNR.vcxproj", "{FE0BAF25-4F5C-4B44-9272-85D7A0E09237}"
EndProject
Global
	GlobalSection(SolutionConfigurationPlatforms) = preSolution
		Debug|x32 = Debug|x32
		Debug|x64 = Debug|x64
		Debug|x86 = Debug|x86
		Release|x32 = Release|x32
		Release|x64 = Release|x64
		Release|x86 = Release|x86
	EndGlobalSection
	GlobalSection(ProjectConfigurationPlatforms) = postSolution
		{93F0FDF9-7136-45CE-B098-541379D35070}.Debug|x32.ActiveCfg = Debug|Win32
		{93F0FDF9-7136-45CE-B098-541379D35070}.Debug|x32.Build.0 = Debug|Win32
		{93F0FDF9-7136-45CE-B098-541379D35070}.Debug|x64.ActiveCfg = Debug|x64
		{93F0FDF9-7136-45CE-B098-541379D35070}.Debug|x64.Build.0 = Debug|x64
		{93F0FDF9-7136-45CE-B098-541379D35070}.Debug|x86.ActiveCfg = Debug|Win32
		{93F0FDF9-7136-45CE-B098-541379D35070}.Debug|x86.Build.0 = Debug|Win32
		{93F0FDF9-7136-45CE-B098-541379D35070}.Release|x32.ActiveCfg = Release|Win32
		{93F0FDF9-7136-45CE-B098-541379D35070}.Release|x32.Build.0 = Release|Win32
		{93F0FDF9-7136-45CE-B098-541379D35070}.Release|x64.ActiveCfg = Release|x64
		{93F0FDF9-7136-45CE-B098-541379D35070}.Release|x64.Build.0 = Release|x64
		{93F0FDF9-7136-45CE-B098-541379D35070}.Release|x86.ActiveCfg = Release|Win32
		{93F0FDF9-7136-45CE-B098-541379D35070}.Release|x86.Build.0 = Release|Win32
		{C9F700C2-155F-458A-B29E-3E8FFCCDFE87}.Debug|x32.ActiveCfg = Debug|Win32
		{C9F700C2-155F-458A-B29E-3E8FFCCDFE87}.Debug|x32.Build.0 = Debug|Win32
		{C9F700C2-155F-458A-B29E-3E8FFCCDFE87}.Debug|x64.ActiveCfg = Debug|x64
		{C9F700C2-155F-458A-B29E-3E8FFCCDFE87}.Debug|x64.Build.0 = Debug|x64
		{C9F700C2-155F-458A-B29E-3E8FFCCDFE87}.Debug|x86.ActiveCfg = Debug|Win32
		{C9F700C2-155F-458A-B29E-3E8FFCCDFE87}.Debug|x86.Build.0 = Debug|Win32
		{C9F700C2-155F-458A-B29E-3E8FFCCDFE87}.Release|x32.ActiveCfg = Release|Win32
		{C9F700C2-155F-458A-B29E-3E8FFCCDFE87}.Release|x32.Build.0 = Release|Win32
		{C9F700C2-155F-458A-B29E-3E8FFCCDFE87}.Release|x64.ActiveCfg = Release|x64
		{C9F700C2-155F-458A-B29E-3E8FFCCDFE87}.Release|x64.Build.0 = Release|x64
		{C9F700C2-155F-458A-B29E-3E8FFCCDFE87}.Release|x86.ActiveCfg = Release|Win32
		{C9F700C2-155F-458A-B29E-3E8FFCCDFE87}.Release|x86.Build.0 = Release|Win32
		{382D330F-CB2B-4189-81FE-EA7754EA41F2}.Debug|x32.ActiveCfg = Debug|Win32
		{382D330F-CB2B-4189-81FE-EA7754EA41F2}.Debug|x32.Build.0 = Debug|Win32
		{382D330F-CB2B-4189-81FE-EA7754EA41F2}.Debug|x64.ActiveCfg = Debug|x64
		{382D330F-CB2B-4189-81FE-EA7754EA41F2}.Debug|x64.Build.0 = Debug|x64
		{382D330F-CB2B-4189-81FE-EA7754EA41F2}.Debug|x86.ActiveCfg = Debug|Win32
		{382D330F-CB2B-4189-81FE-EA7754EA41F2}.Debug|x86.Build.0 = Debug|Win32
		{382D330F-CB2B-4189-81FE-EA7754EA41F2}.Release|x32.ActiveCfg = Release|Win32
		{382D330F-CB2B-4189-81FE-EA7754EA41F2}.Release|x32.Build.0 = Release|Win32
		{382D330F-CB2B-4189-81FE-EA7754EA41F2}.Release|x64.ActiveCfg = Release|x64
		{382D330F-CB2B-4189-81FE-EA7754EA41F2}.Release|x64.Build.0 = Release|x64
		{382D330F-CB2B-4189-81FE-EA7754EA41F2}.Release|x86.ActiveCfg = Release|Win32
		{382D330F-CB2B-4189-81FE-EA7754EA41F2}.Release|x86.Build.0 = Release|Win32
		{4C0CC943-4AEB-48B3-A433-A8BB864F41B0}.Debug|x32.ActiveCfg = Debug|Win32
		{4C0CC943-4AEB-48B3-A433-A8BB864F41B0}.Debug|x32.Build.0 = Debug|Win32
		{4C0CC943-4AEB-48B3-A433-A8BB864F41B0}.Debug|x64.ActiveCfg = Debug|x64
		{4C0CC943-4AEB-48B3-A433-A8BB864F41B0}.Debug|x64.Build.0 = Debug|x64
		{4C0CC943-4AEB-48B3-A433-A8BB864F41B0}.Debug|x86.ActiveCfg = Debug|Win32
		{4C0CC943-4AEB-48B3-A433-A8BB864F41B0}.Debug|x86.Build.0 = Debug|Win32
		{4C0CC943-4AEB-48B3-A433-A8BB864F41B0}.Release|x32.ActiveCfg = Release|Win32
		{4C0CC943-4AEB-48B3-A433-A8BB864F41B0}.Release|x32.Build.0 = Release|Win32
		{4C0CC943-4AEB-48B3-A433-A8BB864F41B0}.Release|x64.ActiveCfg = Release|x64
		{4C0CC943-4AEB-48B3-A433-A8BB864F41B0}.Release|x64.Build.0 = Release|x64
		{4C0CC943-4AEB-48B3-A433-A8BB864F41B0}.Release|x86.ActiveCfg = Release|Win32
		{4C0CC943-4AEB-48B3-A433-A8BB864F41B0}.Release|x86.Build.0 = Release|Win32
		{CD3E2202-B792-4FD9-B9B1-313224A46D76}.Debug|x32.ActiveCfg = Debug|Win32
		{CD3E2202-B792-4FD9-B9B1-313224A46D76}.Debug|x32.Build.0 = Debug|Win32
		{CD3E2202-B792-4FD9-B9B1-313224A46D76}.Debug|x64.ActiveCfg = Debug|x64
		{CD3E2202-B792-4FD9-B9B1-313224A46D76}.Debug|x64.Build.0 = Debug|x64
		{CD3E2202-B792-4FD9-B9B1-313224A46D76}.Debug|x86.ActiveCfg = Debug|Win32
		{CD3E2202-B792-4FD9-B9B1-313224A46D76}.Debug|x86.Build.0 = Debug|Win32
		{CD3E2202-B792-4FD9-B9B1-313224A46D76}.Release|x32.ActiveCfg = Release|Win32
		{CD3E2202-B792-4FD9-B9B1-313224A46D76}.Release|x32.Build.0 = Release|Win32
		{CD3E2202-B792-4FD9-B9B1-313224A46D76}.Release|x64.ActiveCfg = Release|x64
		{CD3E2202-B792-4FD9-B9B1-313224A46D76}.Release|x64.Build.0 = Release|x64
		{CD3E2202-B792-4FD9-B9B1-313224A46D76}.Release|x86.ActiveCfg = Release|Win32
		{CD3E2202-B792-4FD9-B9B1-313224A46D76}.Release|x86.Build.0 = Release|Win32
		{FE0BAF25-4F5C-4B44-9272-85D7AEE68102}.Debug|x32.ActiveCfg = Release|Win32
		{FE0BAF25-4F5C-4B44-9272-85D7AEE68102}.Debug|x32.Build.0 = Release|Win32
		{FE0BAF25-4F5C-4B44-9272-85D7AEE68102}.Debug|x64.ActiveCfg = Release|x64
		{FE0BAF25-4F5C-4B44-9272-85D7AEE68102}.Debug|x64.Build.0 = Release|x64
		{FE0BAF25-4F5C-4B44-9272-85D7AEE68102}.Debug|x86.ActiveCfg = Release|Win32
		{FE0BAF25-4F5C-4B44-9272-85D7AEE68102}.Debug|x86.Build.0 = Release|Win32
		{FE0BAF25-4F5C-4B44-9272-85D7AEE68102}.Release|x32.ActiveCfg = Release|Win32
		{FE0BAF25-4F5C-4B44-9272-85D7AEE68102}.Release|x32.Build.0 = Release|Win32
		{FE0BAF25-4F5C-4B44-9272-85D7AEE68102}.Release|x64.ActiveCfg = Release|x64
		{FE0BAF25-4F5C-4B44-9272-85D7AEE68102}.Release|x64.Build.0 = Release|x64
		{FE0BAF25-4F5C-4B44-9272-85D7AEE68102}.Release|x86.ActiveCfg = Release|Win32
		{FE0BAF25-4F5C-4B44-9272-85D7AEE68102}.Release|x86.Build.0 = Release|Win32
		{FE0BAF25-4F5C-4B44-9272-85D7AEE69222}.Debug|x32.ActiveCfg = Release|Win32
		{FE0BAF25-4F5C-4B44-9272-85D7AEE69222}.Debug|x32.Build.0 = Release|Win32
		{FE0BAF25-4F5C-4B44-9272-85D7AEE69222}.Debug|x64.ActiveCfg = Release|x64
		{FE0BAF25-4F5C-4B44-9272-85D7AEE69222}.Debug|x64.Build.0 = Release|x64
		{FE0BAF25-4F5C-4B44-9272-85D7AEE69222}.Debug|x86.ActiveCfg = Release|Win32
		{FE0BAF25-4F5C-4B44-9272-85D7AEE69222}.Debug|x86.Build.0 = Release|Win32
		{FE0BAF25-4F5C-4B44-9272-85D7AEE69222}.Release|x32.ActiveCfg = Release|Win32
		{FE0BAF25-4F5C-4B44-9272-85D7AEE69222}.Release|x32.Build.0 = Release|Win32
		{FE0BAF25-4F5C-4B44-9272-85D7AEE69222}.Release|x64.ActiveCfg = Release|x64
		{FE0BAF25-4F5C-4B44-9272-85D7AEE69222}.Release|x64.Build.0 = Release|x64
		{FE0BAF25-4F5C-4B44-9272-85D7AEE69222}.Release|x86.ActiveCfg = Release|Win32
		{FE0BAF25-4F5C-4B44-9272-85D7AEE69222}.Release|x86.Build.0 = Release|Win32
		{23F5D121-DECE-5849-9FB7-979AC6276C01}.Debug|x32.ActiveCfg = Debug|Win32
		{23F5D121-DECE-5849-9FB7-979AC6276C01}.Debug|x32.Build.0 = Debug|Win32
		{23F5D121-DECE-5849-9FB7-979AC6276C01}.Debug|x64.ActiveCfg = Debug|x64
		{23F5D121-DECE-5849-9FB7-979AC6276C01}.Debug|x64.Build.0 = Debug|x64
		{23F5D121-DECE-5849-9FB7-979AC6276C01}.Debug|x86.ActiveCfg = Debug|Win32
		{23F5D121-DECE-5849-9FB7-979AC6276C01}.Debug|x86.Build.0 = Debug|Win32
		{23F5D121-DECE-5849-9FB7-979AC6276C01}.Release|x32.ActiveCfg = Release|Win32
		{23F5D121-DECE-5849-9FB7-979AC6276C01}.Release|x32.Build.0 = Release|Win32
		{23F5D121-DECE-5849-9FB7-979AC6276C01}.Release|x64.ActiveCfg = Release|x64
		{23F5D121-DECE-5849-9FB7-979AC6276C01}.Release|x64.Build.0 = Release|x64
		{23F5D121-DECE-5849-9FB7-979AC6276C01}.Release|x86.ActiveCfg = Release|Win32
		{23F5D121-DECE-5849-9FB7-979AC6276C01}.Release|x86.Build.0 = Release|Win32
		{4C0CC943-4AEB-48B3-A433-A8CC864F42B1}.Debug|x32.ActiveCfg = Debug|Win32
		{4C0CC943-4AEB-48B3-A433-A8CC864F42B1}.Debug|x32.Build.0 = Debug|Win32
		{4C0CC943-4AEB-48B3-A433-A8CC864F42B1}.Debug|x64.ActiveCfg = Debug|x64
		{4C0CC943-4AEB-48B3-A433-A8CC864F42B1}.Debug|x64.Build.0 = Debug|x64
		{4C0CC943-4AEB-48B3-A433-A8CC864F42B1}.Debug|x86.ActiveCfg = Debug|Win32
		{4C0CC943-4AEB-48B3-A433-A8CC864F42B1}.Debug|x86.Build.0 = Debug|Win32
		{4C0CC943-4AEB-48B3-A433-A8CC864F42B1}.Release|x32.ActiveCfg = Release|Win32
		{4C0CC943-4AEB-48B3-A433-A8CC864F42B1}.Release|x32.Build.0 = Release|Win32
		{4C0CC943-4AEB-48B3-A433-A8CC864F42B1}.Release|x64.ActiveCfg = Release|x64
		{4C0CC943-4AEB-48B3-A433-A8CC864F42B1}.Release|x64.Build.0 = Release|x64
		{4C0CC943-4AEB-48B3-A433-A8CC864F42B1}.Release|x86.ActiveCfg = Release|Win32
		{4C0CC943-4AEB-48B3-A433-A8CC864F42B1}.Release|x86.Build.0 = Release|Win32
		{B9C2EA1A-DB70-4A21-8C22-5B32D7584AF7}.Debug|x32.ActiveCfg = Debug|Win32
		{B9C2EA1A-DB70-4A21-8C22-5B32D7584AF7}.Debug|x32.Build.0 = Debug|Win32
		{B9C2EA1A-DB70-4A21-8C22-5B32D7584AF7}.Debug|x64.ActiveCfg = Debug|x64
		{B9C2EA1A-DB70-4A21-8C22-5B32D7584AF7}.Debug|x64.Build.0 = Debug|x64
		{B9C2EA1A-DB70-4A21-8C22-5B32D7584AF7}.Debug|x86.ActiveCfg = Debug|Win32
		{B9C2EA1A-DB70-4A21-8C22-5B32D7584AF7}.Debug|x86.Build.0 = Debug|Win32
		{B9C2EA1A-DB70-4A21-8C22-5B32D7584AF7}.Release|x32.ActiveCfg = Release|Win32
		{B9C2EA1A-DB70-4A21-8C22-5B32D7584AF7}.Release|x32.Build.0 = Release|Win32
		{B9C2EA1A-DB70-4A21-8C22-5B32D7584AF7}.Release|x64.ActiveCfg = Release|x64
		{B9C2EA1A-DB70-4A21-8C22-5B32D7584AF7}.Release|x64.Build.0 = Release|x64
		{B9C2EA1A-DB70-4A21-8C22-5B32D7584AF7}.Release|x86.ActiveCfg = Release|Win32
		{B9C2EA1A-DB70-4A21-8C22-5B32D7584AF7}.Release|x86.Build.0 = Release|Win32
		{FE0BAF25-4F5C-4B44-9272-85D7A0E09223}.Debug|x32.ActiveCfg = Release|Win32
		{FE0BAF25-4F5C-4B44-9272-85D7A0E09223}.Debug|x32.Build.0 = Release|Win32
		{FE0BAF25-4F5C-4B44-9272-85D7A0E09223}.Debug|x64.ActiveCfg = Release|x64
		{FE0BAF25-4F5C-4B44-9272-85D7A0E09223}.Debug|x64.Build.0 = Release|x64
		{FE0BAF25-4F5C-4B44-9272-85D7A0E09223}.Debug|x86.ActiveCfg = Release|Win32
		{FE0BAF25-4F5C-4B44-9272-85D7A0E09223}.Debug|x86.Build.0 = Release|Win32
		{FE0BAF25-4F5C-4B44-9272-85D7A0E09223}.Release|x32.ActiveCfg = Release|Win32
		{FE0BAF25-4F5C-4B44-9272-85D7A0E09223}.Release|x32.Build.0 = Release|Win32
		{FE0BAF25-4F5C-4B44-9272-85D7A0E09223}.Release|x64.ActiveCfg = Release|x64
		{FE0BAF25-4F5C-4B44-9272-85D7A0E09223}.Release|x64.Build.0 = Release|x64
		{FE0BAF25-4F5C-4B44-9272-85D7A0E09223}.Release|x86.ActiveCfg = Release|Win32
		{FE0BAF25-4F5C-4B44-9272-85D7A0E09223}.Release|x86.Build.0 = Release|Win32
		{FE0BAF25-4F5C-4B44-9272-85D7A0E09224}.Debug|x32.ActiveCfg = Release|Win32
		{FE0BAF25-4F5C-4B44-9272-85D7A0E09224}.Debug|x32.Build.0 = Release|Win32
		{FE0BAF25-4F5C-4B44-9272-85D7A0E09224}.Debug|x64.ActiveCfg = Release|x64
		{FE0BAF25-4F5C-4B44-9272-85D7A0E09224}.Debug|x64.Build.0 = Release|x64
		{FE0BAF25-4F5C-4B44-9272-85D7A0E09224}.Debug|x86.ActiveCfg = Release|Win32
		{FE0BAF25-4F5C-4B44-9272-85D7A0E09224}.Debug|x86.Build.0 = Release|Win32
		{FE0BAF25-4F5C-4B44-9272-85D7A0E09224}.Release|x32.ActiveCfg = Release|Win32
		{FE0BAF25-4F5C-4B44-9272-85D7A0E09224}.Release|x32.Build.0 = Release|Win32
		{FE0BAF25-4F5C-4B44-9272-85D7A0E09224}.Release|x64.ActiveCfg = Release|x64
		{FE0BAF25-4F5C-4B44-9272-85D7A0E09224}.Release|x64.Build.0 = Release|x64
		{FE0BAF25-4F5C-4B44-9272-85D7A0E09224}.Release|x86.ActiveCfg = Release|Win32
		{FE0BAF25-4F5C-4B44-9272-85D7A0E09224}.Release|x86.Build.0 = Release|Win32
		{FE0BAF25-4F5C-4B44-9272-85D7A0E09225}.Debug|x32.ActiveCfg = Release|Win32
		{FE0BAF25-4F5C-4B44-9272-85D7A0E09225}.Debug|x32.Build.0 = Release|Win32
		{FE0BAF25-4F5C-4B44-9272-85D7A0E09225}.Debug|x64.ActiveCfg = Release|x64
		{FE0BAF25-4F5C-4B44-9272-85D7A0E09225}.Debug|x64.Build.0 = Release|x64
		{FE0BAF25-4F5C-4B44-9272-85D7A0E09225}.Debug|x86.ActiveCfg = Release|Win32
		{FE0BAF25-4F5C-4B44-9272-85D7A0E09225}.Debug|x86.Build.0 = Release|Win32
		{FE0BAF25-4F5C-4B44-9272-85D7A0E09225}.Release|x32.ActiveCfg = Release|Win32
		{FE0BAF25-4F5C-4B44-9272-85D7A0E09225}.Release|x32.Build.0 = Release|Win32
		{FE0BAF25-4F5C-4B44-9272-85D7A0E09225}.Release|x64.ActiveCfg = Release|x64
		{FE0BAF25-4F5C-4B44-9272-85D7A0E09225}.Release|x64.Build.0 = Release|x64
		{FE0BAF25-4F5C-4B44-9272-85D7A0E09225}.Release|x86.ActiveCfg = Release|Win32
		{FE0BAF25-4F5C-4B44-9272-85D7A0E09225}.Release|x86.Build.0 = Release|Win32
		{FE0BAF25-4F5C-4B44-9272-85D7A0E09226}.Debug|x32.ActiveCfg = Release|Win32
		{FE0BAF25-4F5C-4B44-9272-85D7A0E09226}.Debug|x32.Build.0 = Release|Win32
		{FE0BAF25-4F5C-4B44-9272-85D7A0E09226}.Debug|x64.ActiveCfg = Release|x64
		{FE0BAF25-4F5C-4B44-9272-85D7A0E09226}.Debug|x64.Build.0 = Release|x64
		{FE0BAF25-4F5C-4B44-9272-85D7A0E09226}.Debug|x86.ActiveCfg = Release|Win32
		{FE0BAF25-4F5C-4B44-9272-85D7A0E09226}.Debug|x86.Build.0 = Release|Win32
		{FE0BAF25-4F5C-4B44-9272-85D7A0E09226}.Release|x32.ActiveCfg = Release|Win32
		{FE0BAF25-4F5C-4B44-9272-85D7A0E09226}.Release|x32.Build.0 = Release|Win32
		{FE0BAF25-4F5C-4B44-9272-85D7A0E09226}.Release|x64.ActiveCfg = Release|x64
		{FE0BAF25-4F5C-4B44-9272-85D7A0E09226}.Release|x64.Build.0 = Release|x64
		{FE0BAF25-4F5C-4B44-9272-85D7A0E09226}.Release|x86.ActiveCfg = Release|Win32
		{FE0BAF25-4F5C-4B44-9272-85D7A0E09226}.Release|x86.Build.0 = Release|Win32
		{FE0BAF25-4F5C-4B44-9272-85D7A0E09227}.Debug|x32.ActiveCfg = Release|Win32
		{FE0BAF25-4F5C-4B44-9272-85D7A0E09227}.Debug|x32.Build.0 = Release|Win32
		{FE0BAF25-4F5C-4B44-9272-85D7A0E09227}.Debug|x64.ActiveCfg = Release|x64
		{FE0BAF25-4F5C-4B44-9272-85D7A0E09227}.Debug|x64.Build.0 = Release|x64
		{FE0BAF25-4F5C-4B44-9272-85D7A0E09227}.Debug|x86.ActiveCfg = Release|Win32
		{FE0BAF25-4F5C-4B44-9272-85D7A0E09227}.Debug|x86.Build.0 = Release|Win32
		{FE0BAF25-4F5C-4B44-9272-85D7A0E09227}.Release|x32.ActiveCfg = Release|Win32
		{FE0BAF25-4F5C-4B44-9272-85D7A0E09227}.Release|x32.Build.0 = Release|Win32
		{FE0BAF25-4F5C-4B44-9272-85D7A0E09227}.Release|x64.ActiveCfg = Release|x64
		{FE0BAF25-4F5C-4B44-9272-85D7A0E09227}.Release|x64.Build.0 = Release|x64
		{FE0BAF25-4F5C-4B44-9272-85D7A0E09227}.Release|x86.ActiveCfg = Release|Win32
		{FE0BAF25-4F5C-4B44-9272-85D7A0E09227}.Release|x86.Build.0 = Release|Win32
		{FE0BAF25-4F5C-4B44-9272-85D7A0E09228}.Debug|x32.ActiveCfg = Release|Win32
		{FE0BAF25-4F5C-4B44-9272-85D7A0E09228}.Debug|x32.Build.0 = Release|Win32
		{FE0BAF25-4F5C-4B44-9272-85D7A0E09228}.Debug|x64.ActiveCfg = Release|x64
		{FE0BAF25-4F5C-4B44-9272-85D7A0E09228}.Debug|x64.Build.0 = Release|x64
		{FE0BAF25-4F5C-4B44-9272-85D7A0E09228}.Debug|x86.ActiveCfg = Release|Win32
		{FE0BAF25-4F5C-4B44-9272-85D7A0E09228}.Debug|x86.Build.0 = Release|Win32
		{FE0BAF25-4F5C-4B44-9272-85D7A0E09228}.Release|x32.ActiveCfg = Release|Win32
		{FE0BAF25-4F5C-4B44-9272-85D7A0E09228}.Release|x32.Build.0 = Release|Win32
		{FE0BAF25-4F5C-4B44-9272-85D7A0E09228}.Release|x64.ActiveCfg = Release|x64
		{FE0BAF25-4F5C-4B44-9272-85D7A0E09228}.Release|x64.Build.0 = Release|x64
		{FE0BAF25-4F5C-4B44-9272-85D7A0E09228}.Release|x86.ActiveCfg = Release|Win32
		{FE0BAF25-4F5C-4B44-9272-85D7A0E09228}.Release|x86.Build.0 = Release|Win32
		{FE0BAF25-4F5C-4B44-9272-85D7A0E09229}.Debug|x32.ActiveCfg = Release|Win32
		{FE0BAF25-4F5C-4B44-9272-85D7A0E09229}.Debug|x32.Build.0 = Release|Win32
		{FE0BAF25-4F5C-4B44-9272-85D7A0E09229}.Debug|x64.ActiveCfg = Release|x64
		{FE0BAF25-4F5C-4B44-9272-85D7A0E09229}.Debug|x64.Build.0 = Release|x64
		{FE0BAF25-4F5C-4B44-9272-85D7A0E09229}.Debug|x86.ActiveCfg = Release|Win32
		{FE0BAF25-4F5C-4B44-9272-85D7A0E09229}.Debug|x86.Build.0 = Release|Win32
		{FE0BAF25-4F5C-4B44-9272-85D7A0E09229}.Release|x32.ActiveCfg = Release|Win32
		{FE0BAF25-4F5C-4B44-9272-85D7A0E09229}.Release|x32.Build.0 = Release|Win32
		{FE0BAF25-4F5C-4B44-9272-85D7A0E09229}.Release|x64.ActiveCfg = Release|x64
		{FE0BAF25-4F5C-4B44-9272-85D7A0E09229}.Release|x64.Build.0 = Release|x64
		{FE0BAF25-4F5C-4B44-9272-85D7A0E09229}.Release|x86.ActiveCfg = Release|Win32
		{FE0BAF25-4F5C-4B44-9272-85D7A0E09229}.Release|x86.Build.0 = Release|Win32
		{FE0BAF25-4F5C-4B44-9272-85D7A0E09232}.Debug|x32.ActiveCfg = Release|Win32
		{FE0BAF25-4F5C-4B44-9272-85D7A0E09232}.Debug|x32.Build.0 = Release|Win32
		{FE0BAF25-4F5C-4B44-9272-85D7A0E09232}.Debug|x64.ActiveCfg = Release|x64
		{FE0BAF25-4F5C-4B44-9272-85D7A0E09232}.Debug|x64.Build.0 = Release|x64
		{FE0BAF25-4F5C-4B44-9272-85D7A0E09232}.Debug|x86.ActiveCfg = Release|Win32
		{FE0BAF25-4F5C-4B44-9272-85D7A0E09232}.Debug|x86.Build.0 = Release|Win32
		{FE0BAF25-4F5C-4B44-9272-85D7A0E09232}.Release|x32.ActiveCfg = Release|Win32
		{FE0BAF25-4F5C-4B44-9272-85D7A0E09232}.Release|x32.Build.0 = Release|Win32
		{FE0BAF25-4F5C-4B44-9272-85D7A0E09232}.Release|x64.ActiveCfg = Release|x64
		{FE0BAF25-4F5C-4B44-9272-85D7A0E09232}.Release|x64.Build.0 = Release|x64
		{FE0BAF25-4F5C-4B44-9272-85D7A0E09232}.Release|x86.ActiveCfg = Release|Win32
		{FE0BAF25-4F5C-4B44-9272-85D7A0E09232}.Release|x86.Build.0 = Release|Win32
		{FE0BAF25-4F5C-4B44-9272-85D7A0E09230}.Debug|x32.ActiveCfg = Release|Win32
		{FE0BAF25-4F5C-4B44-9272-85D7A0E09230}.Debug|x32.Build.0 = Release|Win32
		{FE0BAF25-4F5C-4B44-9272-85D7A0E09230}.Debug|x64.ActiveCfg = Release|x64
		{FE0BAF25-4F5C-4B44-9272-85D7A0E09230}.Debug|x64.Build.0 = Release|x64
		{FE0BAF25-4F5C-4B44-9272-85D7A0E09230}.Debug|x86.ActiveCfg = Release|Win32
		{FE0BAF25-4F5C-4B44-9272-85D7A0E09230}.Debug|x86.Build.0 = Release|Win32
		{FE0BAF25-4F5C-4B44-9272-85D7A0E09230}.Release|x32.ActiveCfg = Release|Win32
		{FE0BAF25-4F5C-4B44-9272-85D7A0E09230}.Release|x32.Build.0 = Release|Win32
		{FE0BAF25-4F5C-4B44-9272-85D7A0E09230}.Release|x64.ActiveCfg = Release|x64
		{FE0BAF25-4F5C-4B44-9272-85D7A0E09230}.Release|x64.Build.0 = Release|x64
		{FE0BAF25-4F5C-4B44-9272-85D7A0E09230}.Release|x86.ActiveCfg = Release|Win32
		{FE0BAF25-4F5C-4B44-9272-85D7A0E09230}.Release|x86.Build.0 = Release|Win32
		{FE0BAF25-4F5C-4B44-9272-85D7A0E09231}.Debug|x32.ActiveCfg = Release|Win32
		{FE0BAF25-4F5C-4B44-9272-85D7A0E09231}.Debug|x32.Build.0 = Release|Win32
		{FE0BAF25-4F5C-4B44-9272-85D7A0E09231}.Debug|x64.ActiveCfg = Release|x64
		{FE0BAF25-4F5C-4B44-9272-85D7A0E09231}.Debug|x64.Build.0 = Release|x64
		{FE0BAF25-4F5C-4B44-9272-85D7A0E09231}.Debug|x86.ActiveCfg = Release|Win32
		{FE0BAF25-4F5C-4B44-9272-85D7A0E09231}.Debug|x86.Build.0 = Release|Win32
		{FE0BAF25-4F5C-4B44-9272-85D7A0E09231}.Release|x32.ActiveCfg = Release|Win32
		{FE0BAF25-4F5C-4B44-9272-85D7A0E09231}.Release|x32.Build.0 = Release|Win32
		{FE0BAF25-4F5C-4B44-9272-85D7A0E09231}.Release|x64.ActiveCfg = Release|x64
		{FE0BAF25-4F5C-4B44-9272-85D7A0E09231}.Release|x64.Build.0 = Release|x64
		{FE0BAF25-4F5C-4B44-9272-85D7A0E09231}.Release|x86.ActiveCfg = Release|Win32
		{FE0BAF25-4F5C-4B44-9272-85D7A0E09231}.Release|x86.Build.0 = Release|Win32
		{FE0BAF25-4F5C-4B44-9272-85D7A0E09233}.Debug|x32.ActiveCfg = Release|Win32
		{FE0BAF25-4F5C-4B44-9272-85D7A0E09233}.Debug|x32.Build.0 = Release|Win32
		{FE0BAF25-4F5C-4B44-9272-85D7A0E09233}.Debug|x64.ActiveCfg = Release|x64
		{FE0BAF25-4F5C-4B44-9272-85D7A0E09233}.Debug|x64.Build.0 = Release|x64
		{FE0BAF25-4F5C-4B44-9272-85D7A0E09233}.Debug|x86.ActiveCfg = Release|Win32
		{FE0BAF25-4F5C-4B44-9272-85D7A0E09233}.Debug|x86.Build.0 = Release|Win32
		{FE0BAF25-4F5C-4B44-9272-85D7A0E09233}.Release|x32.ActiveCfg = Release|Win32
		{FE0BAF25-4F5C-4B44-9272-85D7A0E09233}.Release|x32.Build.0 = Release|Win32
		{FE0BAF25-4F5C-4B44-9272-85D7A0E09233}.Release|x64.ActiveCfg = Release|x64
		{FE0BAF25-4F5C-4B44-9272-85D7A0E09233}.Release|x64.Build.0 = Release|x64
		{FE0BAF25-4F5C-4B44-9272-85D7A0E09233}.Release|x86.ActiveCfg = Release|Win32
		{FE0BAF25-4F5C-4B44-9272-85D7A0E09233}.Release|x86.Build.0 = Release|Win32
		{CD3E2202-B792-4FD9-A1A1-313224A4B4C4}.Debug|x32.ActiveCfg = Debug|Win32
		{CD3E2202-B792-4FD9-A1A1-313224A4B4C4}.Debug|x32.Build.0 = Debug|Win32
		{CD3E2202-B792-4FD9-A1A1-313224A4B4C4}.Debug|x64.ActiveCfg = Debug|x64
		{CD3E2202-B792-4FD9-A1A1-313224A4B4C4}.Debug|x64.Build.0 = Debug|x64
		{CD3E2202-B792-4FD9-A1A1-313224A4B4C4}.Debug|x86.ActiveCfg = Debug|Win32
		{CD3E2202-B792-4FD9-A1A1-313224A4B4C4}.Debug|x86.Build.0 = Debug|Win32
		{CD3E2202-B792-4FD9-A1A1-313224A4B4C4}.Release|x32.ActiveCfg = Release|Win32
		{CD3E2202-B792-4FD9-A1A1-313224A4B4C4}.Release|x32.Build.0 = Release|Win32
		{CD3E2202-B792-4FD9-A1A1-313224A4B4C4}.Release|x64.ActiveCfg = Release|x64
		{CD3E2202-B792-4FD9-A1A1-313224A4B4C4}.Release|x64.Build.0 = Release|x64
		{CD3E2202-B792-4FD9-A1A1-313224A4B4C4}.Release|x86.ActiveCfg = Release|Win32
		{CD3E2202-B792-4FD9-A1A1-313224A4B4C4}.Release|x86.Build.0 = Release|Win32
		{FE0BAF25-4F5C-4B44-9272-85D7A0E09234}.Debug|x32.ActiveCfg = Release|Win32
		{FE0BAF25-4F5C-4B44-9272-85D7A0E09234}.Debug|x32.Build.0 = Release|Win32
		{FE0BAF25-4F5C-4B44-9272-85D7A0E09234}.Debug|x64.ActiveCfg = Release|x64
		{FE0BAF25-4F5C-4B44-9272-85D7A0E09234}.Debug|x64.Build.0 = Release|x64
		{FE0BAF25-4F5C-4B44-9272-85D7A0E09234}.Debug|x86.ActiveCfg = Release|Win32
		{FE0BAF25-4F5C-4B44-9272-85D7A0E09234}.Debug|x86.Build.0 = Release|Win32
		{FE0BAF25-4F5C-4B44-9272-85D7A0E09234}.Release|x32.ActiveCfg = Release|Win32
		{FE0BAF25-4F5C-4B44-9272-85D7A0E09234}.Release|x32.Build.0 = Release|Win32
		{FE0BAF25-4F5C-4B44-9272-85D7A0E09234}.Release|x64.ActiveCfg = Release|x64
		{FE0BAF25-4F5C-4B44-9272-85D7A0E09234}.Release|x64.Build.0 = Release|x64
		{FE0BAF25-4F5C-4B44-9272-85D7A0E09234}.Release|x86.ActiveCfg = Release|Win32
		{FE0BAF25-4F5C-4B44-9272-85D7A0E09234}.Release|x86.Build.0 = Release|Win32
		{FE0BAF25-4F5C-4B44-9272-85D7A0E09235}.Debug|x32.ActiveCfg = Release|Win32
		{FE0BAF25-4F5C-4B44-9272-85D7A0E09235}.Debug|x32.Build.0 = Release|Win32
		{FE0BAF25-4F5C-4B44-9272-85D7A0E09235}.Debug|x64.ActiveCfg = Release|x64
		{FE0BAF25-4F5C-4B44-9272-85D7A0E09235}.Debug|x64.Build.0 = Release|x64
		{FE0BAF25-4F5C-4B44-9272-85D7A0E09235}.Debug|x86.ActiveCfg = Release|Win32
		{FE0BAF25-4F5C-4B44-9272-85D7A0E09235}.Debug|x86.Build.0 = Release|Win32
		{FE0BAF25-4F5C-4B44-9272-85D7A0E09235}.Release|x32.ActiveCfg = Release|Win32
		{FE0BAF25-4F5C-4B44-9272-85D7A0E09235}.Release|x32.Build.0 = Release|Win32
		{FE0BAF25-4F5C-4B44-9272-85D7A0E09235}.Release|x64.ActiveCfg = Release|x64
		{FE0BAF25-4F5C-4B44-9272-85D7A0E09235}.Release|x64.Build.0 = Release|x64
		{FE0BAF25-4F5C-4B44-9272-85D7A0E09235}.Release|x86.ActiveCfg = Release|Win32
		{FE0BAF25-4F5C-4B44-9272-85D7A0E09235}.Release|x86.Build.0 = Release|Win32
		{FE0BAF25-4F5C-4B44-9272-85D7A0E09236}.Debug|x32.ActiveCfg = Release|Win32
		{FE0BAF25-4F5C-4B44-9272-85D7A0E09236}.Debug|x32.Build.0 = Release|Win32
		{FE0BAF25-4F5C-4B44-9272-85D7A0E09236}.Debug|x64.ActiveCfg = Release|x64
		{FE0BAF25-4F5C-4B44-9272-85D7A0E09236}.Debug|x64.Build.0 = Release|x64
		{FE0BAF25-4F5C-4B44-9272-85D7A0E09236}.Debug|x86.ActiveCfg = Release|Win32
		{FE0BAF25-4F5C-4B44-9272-85D7A0E09236}.Debug|x86.Build.0 = Release|Win32
		{FE0BAF25-4F5C-4B44-9272-85D7A0E09236}.Release|x32.ActiveCfg = Release|Win32
		{FE0BAF25-4F5C-4B44-9272-85D7A0E09236}.Release|x32.Build.0 = Release|Win32
		{FE0BAF25-4F5C-4B44-9272-85D7A0E09236}.Release|x64.ActiveCfg = Release|x64
		{FE0BAF25-4F5C-4B44-9272-85D7A0E09236}.Release|x64.Build.0 = Release|x64
		{FE0BAF25-4F5C-4B44-9272-85D7A0E09236}.Release|x86.ActiveCfg = Release|Win32
		{FE0BAF25-4F5C-4B44-9272-85D7A0E09236}.Release|x86.Build.0 = Release|Win32
		{FE0BAF25-4F5C-4B44-9272-85D7A0E09237}.Debug|x32.ActiveCfg = Release|Win32
		{FE0BAF25-4F5C-4B44-9272-85D7A0E09237}.Debug|x32.Build.0 = Release|Win32
		{FE0BAF25-4F5C-4B44-9272-85D7A0E09237}.Debug|x64.ActiveCfg = Release|x64
		{FE0BAF25-4F5C-4B44-9272-85D7A0E09237}.Debug|x64.Build.0 = Release|x64
		{FE0BAF25-4F5C-4B44-9272-85D7A0E09237}.Debug|x86.ActiveCfg = Release|Win32
		{FE0BAF25-4F5C-4B44-9272-85D7A0E09237}.Debug|x86.Build.0 = Release|Win32
		{FE0BAF25-4F5C-4B44-9272-85D7A0E09237}.Release|x32.ActiveCfg = Release|Win32
		{FE0BAF25-4F5C-4B44-9272-85D7A0E09237}.Release|x32.Build.0 = Release|Win32
		{FE0BAF25-4F5C-4B44-9272-85D7A0E09237}.Release|x64.ActiveCfg = Release|x64
		{FE0BAF25-4F5C-4B44-9272-85D7A0E09237}.Release|x64.Build.0 = Release|x64
		{FE0BAF25-4F5C-4B44-9272-85D7A0E09237}.Release|x86.ActiveCfg = Release|Win32
		{FE0BAF25-4F5C-4B44-9272-85D7A0E09237}.Release|x86.Build.0 = Release|Win32
	EndGlobalSection
	GlobalSection(SolutionProperties) = preSolution
		HideSolutionNode = FALSE
	EndGlobalSection
	GlobalSection(NestedProjects) = preSolution
		{93F0FDF9-7136-45CE-B098-541379D35070} = {DCEF2D40-5F65-46AD-8773-4204038A6D79}
		{C9F700C2-155F-458A-B29E-3E8FFCCDFE87} = {DCEF2D40-5F65-46AD-8773-4204038A6D79}
		{382D330F-CB2B-4189-81FE-EA7754EA41F2} = {DCEF2D40-5F65-46AD-8773-4204038A6D79}
		{4C0CC943-4AEB-48B3-A433-A8BB864F41B0} = {DCEF2D40-5F65-46AD-8773-4204038A6D79}
		{CD3E2202-B792-4FD9-B9B1-313224A46D76} = {DCEF2D40-5F65-46AD-8773-4204038A6D79}
		{FE0BAF25-4F5C-4B44-9272-85D7AEE68102} = {DD450250-A421-491D-99A5-76C1A094A7C2}
		{FE0BAF25-4F5C-4B44-9272-85D7AEE69222} = {DD450250-A421-491D-99A5-76C1A094A7C2}
		{23F5D121-DECE-5849-9FB7-979AC6276C01} = {75CB774A-D06A-4EBF-8128-C9964CDA4B18}
		{4C0CC943-4AEB-48B3-A433-A8CC864F42B1} = {DCEF2D40-5F65-46AD-8773-4204038A6D79}
		{B9C2EA1A-DB70-4A21-8C22-5B32D7584AF7} = {8153AE08-F501-4F00-BF8D-C39C78180851}
		{FE0BAF25-4F5C-4B44-9272-85D7A0E09223} = {DD450250-A421-491D-99A5-76C1A094A7C2}
		{FE0BAF25-4F5C-4B44-9272-85D7A0E09224} = {DD450250-A421-491D-99A5-76C1A094A7C2}
		{FE0BAF25-4F5C-4B44-9272-85D7A0E09225} = {DD450250-A421-491D-99A5-76C1A094A7C2}
		{FE0BAF25-4F5C-4B44-9272-85D7A0E09226} = {DD450250-A421-491D-99A5-76C1A094A7C2}
		{FE0BAF25-4F5C-4B44-9272-85D7A0E09227} = {DD450250-A421-491D-99A5-76C1A094A7C2}
		{FE0BAF25-4F5C-4B44-9272-85D7A0E09228} = {DD450250-A421-491D-99A5-76C1A094A7C2}
		{FE0BAF25-4F5C-4B44-9272-85D7A0E09229} = {DD450250-A421-491D-99A5-76C1A094A7C2}
		{FE0BAF25-4F5C-4B44-9272-85D7A0E09232} = {DD450250-A421-491D-99A5-76C1A094A7C2}
		{FE0BAF25-4F5C-4B44-9272-85D7A0E09230} = {DD450250-A421-491D-99A5-76C1A094A7C2}
		{FE0BAF25-4F5C-4B44-9272-85D7A0E09231} = {DD450250-A421-491D-99A5-76C1A094A7C2}
		{FE0BAF25-4F5C-4B44-9272-85D7A0E09233} = {DD450250-A421-491D-99A5-76C1A094A7C2}
		{CD3E2202-B792-4FD9-A1A1-313224A4B4C4} = {DCEF2D40-5F65-46AD-8773-4204038A6D79}
		{FE0BAF25-4F5C-4B44-9272-85D7A0E09234} = {DD450250-A421-491D-99A5-76C1A094A7C2}
		{FE0BAF25-4F5C-4B44-9272-85D7A0E09235} = {DD450250-A421-491D-99A5-76C1A094A7C2}
		{FE0BAF25-4F5C-4B44-9272-85D7A0E09236} = {DD450250-A421-491D-99A5-76C1A094A7C2}
		{FE0BAF25-4F5C-4B44-9272-85D7A0E09237} = {DD450250-A421-491D-99A5-76C1A094A7C2}
	EndGlobalSection
	GlobalSection(ExtensibilityGlobals) = postSolution
		SolutionGuid = {8561D079-1F99-4C73-A1E7-591CF150A8FB}
	EndGlobalSection
EndGlobal
