
Microsoft Visual Studio Solution File, Format Version 12.00
# Visual Studio Version 17
VisualStudioVersion = 17.6.33723.286
MinimumVisualStudioVersion = 10.0.40219.1
Project("{2150E333-8FDC-42A3-9474-1A3956D46DE8}") = "MIDIMT APP", "MIDIMT APP", "{DCEF2D40-5F65-46AD-8773-4204038A6D79}"
EndProject
Project("{8BC9CEB8-8B4A-11D0-8D11-00A0C91BC942}") = "MIDIMTLIB", "MIDIMTDLL\MIDIMTLIB.vcxproj", "{93F0FDF9-7136-45CE-B098-541379D35070}"
	ProjectSection(ProjectDependencies) = postProject
		{23F5D121-DECE-5849-9FB7-979AC6276C01} = {23F5D121-DECE-5849-9FB7-979AC6276C01}
	EndProjectSection
EndProject
Project("{8BC9CEB8-8B4A-11D0-8D11-00A0C91BC942}") = "MIDIMTMIX", "MIDIMTMIX\MIDIMTMIX.vcxproj", "{C9F700C2-155F-458A-B29E-3E8FFCCDFE87}"
EndProject
Project("{8BC9CEB8-8B4A-11D0-8D11-00A0C91BC942}") = "EASYCTRL9", "EASYCTRL9\EASYCTRL9.vcxproj", "{382D330F-CB2B-4189-81FE-EA7754EA41F2}"
EndProject
Project("{8BC9CEB8-8B4A-11D0-8D11-00A0C91BC942}") = "MEDIAKEYS", "MEDIAKEYS\MEDIAKEYS.vcxproj", "{4C0CC943-4AEB-48B3-A433-A8BB864F41B0}"
EndProject
Project("{8BC9CEB8-8B4A-11D0-8D11-00A0C91BC942}") = "MIDIMT", "MIDIMT\MIDIMT.vcxproj", "{CD3E2202-B792-4FD9-B9B1-313224A46D76}"
	ProjectSection(ProjectDependencies) = postProject
		{4C0CC943-4AEB-48B3-A433-A8CC864F42B1} = {4C0CC943-4AEB-48B3-A433-A8CC864F42B1}
	EndProjectSection
EndProject
Project("{2150E333-8FDC-42A3-9474-1A3956D46DE8}") = "LANGS", "LANGS", "{DD450250-A421-491D-99A5-76C1A094A7C2}"
EndProject
Project("{8BC9CEB8-8B4A-11D0-8D11-00A0C91BC942}") = "MIDIMTxEN", "Languages\MIDIMTxEN\MIDIMTxEN.vcxproj", "{FE0BAF25-4F5C-4B44-9272-85D7AEE68102}"
	ProjectSection(ProjectDependencies) = postProject
		{23F5D121-DECE-5849-9FB7-979AC6276C01} = {23F5D121-DECE-5849-9FB7-979AC6276C01}
	EndProjectSection
EndProject
Project("{8BC9CEB8-8B4A-11D0-8D11-00A0C91BC942}") = "MIDIMTxRU", "Languages\MIDIMTxRU\MIDIMTxRU.vcxproj", "{FE0BAF25-4F5C-4B44-9272-85D7AEE69222}"
	ProjectSection(ProjectDependencies) = postProject
		{23F5D121-DECE-5849-9FB7-979AC6276C01} = {23F5D121-DECE-5849-9FB7-979AC6276C01}
	EndProjectSection
EndProject
Project("{2150E333-8FDC-42A3-9474-1A3956D46DE8}") = "BUILD UTILS", "BUILD UTILS", "{75CB774A-D06A-4EBF-8128-C9964CDA4B18}"
EndProject
Project("{8BC9CEB8-8B4A-11D0-8D11-00A0C91BC942}") = "MIDIMTBUILD", "MIDIMTBUILD\MIDIMTBUILD.vcxproj", "{23F5D121-DECE-5849-9FB7-979AC6276C01}"
EndProject
Project("{8BC9CEB8-8B4A-11D0-8D11-00A0C91BC942}") = "SMARTHOME", "SMARTHOME\SMARTHOME.vcxproj", "{4C0CC943-4AEB-48B3-A433-A8CC864F42B1}"
EndProject
Global
	GlobalSection(SolutionConfigurationPlatforms) = preSolution
		Debug|x32 = Debug|x32
		Debug|x64 = Debug|x64
		Debug|x86 = Debug|x86
		Release|x32 = Release|x32
		Release|x64 = Release|x64
		Release|x86 = Release|x86
	EndGlobalSection
	GlobalSection(ProjectConfigurationPlatforms) = postSolution
		{93F0FDF9-7136-45CE-B098-541379D35070}.Debug|x32.ActiveCfg = Debug|Win32
		{93F0FDF9-7136-45CE-B098-541379D35070}.Debug|x32.Build.0 = Debug|Win32
		{93F0FDF9-7136-45CE-B098-541379D35070}.Debug|x64.ActiveCfg = Debug|x64
		{93F0FDF9-7136-45CE-B098-541379D35070}.Debug|x64.Build.0 = Debug|x64
		{93F0FDF9-7136-45CE-B098-541379D35070}.Debug|x86.ActiveCfg = Debug|Win32
		{93F0FDF9-7136-45CE-B098-541379D35070}.Debug|x86.Build.0 = Debug|Win32
		{93F0FDF9-7136-45CE-B098-541379D35070}.Release|x32.ActiveCfg = Release|Win32
		{93F0FDF9-7136-45CE-B098-541379D35070}.Release|x32.Build.0 = Release|Win32
		{93F0FDF9-7136-45CE-B098-541379D35070}.Release|x64.ActiveCfg = Release|x64
		{93F0FDF9-7136-45CE-B098-541379D35070}.Release|x64.Build.0 = Release|x64
		{93F0FDF9-7136-45CE-B098-541379D35070}.Release|x86.ActiveCfg = Release|Win32
		{93F0FDF9-7136-45CE-B098-541379D35070}.Release|x86.Build.0 = Release|Win32
		{C9F700C2-155F-458A-B29E-3E8FFCCDFE87}.Debug|x32.ActiveCfg = Debug|Win32
		{C9F700C2-155F-458A-B29E-3E8FFCCDFE87}.Debug|x32.Build.0 = Debug|Win32
		{C9F700C2-155F-458A-B29E-3E8FFCCDFE87}.Debug|x64.ActiveCfg = Debug|x64
		{C9F700C2-155F-458A-B29E-3E8FFCCDFE87}.Debug|x64.Build.0 = Debug|x64
		{C9F700C2-155F-458A-B29E-3E8FFCCDFE87}.Debug|x86.ActiveCfg = Debug|Win32
		{C9F700C2-155F-458A-B29E-3E8FFCCDFE87}.Debug|x86.Build.0 = Debug|Win32
		{C9F700C2-155F-458A-B29E-3E8FFCCDFE87}.Release|x32.ActiveCfg = Release|Win32
		{C9F700C2-155F-458A-B29E-3E8FFCCDFE87}.Release|x32.Build.0 = Release|Win32
		{C9F700C2-155F-458A-B29E-3E8FFCCDFE87}.Release|x64.ActiveCfg = Release|x64
		{C9F700C2-155F-458A-B29E-3E8FFCCDFE87}.Release|x64.Build.0 = Release|x64
		{C9F700C2-155F-458A-B29E-3E8FFCCDFE87}.Release|x86.ActiveCfg = Release|Win32
		{C9F700C2-155F-458A-B29E-3E8FFCCDFE87}.Release|x86.Build.0 = Release|Win32
		{382D330F-CB2B-4189-81FE-EA7754EA41F2}.Debug|x32.ActiveCfg = Debug|Win32
		{382D330F-CB2B-4189-81FE-EA7754EA41F2}.Debug|x32.Build.0 = Debug|Win32
		{382D330F-CB2B-4189-81FE-EA7754EA41F2}.Debug|x64.ActiveCfg = Debug|x64
		{382D330F-CB2B-4189-81FE-EA7754EA41F2}.Debug|x64.Build.0 = Debug|x64
		{382D330F-CB2B-4189-81FE-EA7754EA41F2}.Debug|x86.ActiveCfg = Debug|Win32
		{382D330F-CB2B-4189-81FE-EA7754EA41F2}.Debug|x86.Build.0 = Debug|Win32
		{382D330F-CB2B-4189-81FE-EA7754EA41F2}.Release|x32.ActiveCfg = Release|Win32
		{382D330F-CB2B-4189-81FE-EA7754EA41F2}.Release|x32.Build.0 = Release|Win32
		{382D330F-CB2B-4189-81FE-EA7754EA41F2}.Release|x64.ActiveCfg = Release|x64
		{382D330F-CB2B-4189-81FE-EA7754EA41F2}.Release|x64.Build.0 = Release|x64
		{382D330F-CB2B-4189-81FE-EA7754EA41F2}.Release|x86.ActiveCfg = Release|Win32
		{382D330F-CB2B-4189-81FE-EA7754EA41F2}.Release|x86.Build.0 = Release|Win32
		{4C0CC943-4AEB-48B3-A433-A8BB864F41B0}.Debug|x32.ActiveCfg = Debug|Win32
		{4C0CC943-4AEB-48B3-A433-A8BB864F41B0}.Debug|x32.Build.0 = Debug|Win32
		{4C0CC943-4AEB-48B3-A433-A8BB864F41B0}.Debug|x64.ActiveCfg = Debug|x64
		{4C0CC943-4AEB-48B3-A433-A8BB864F41B0}.Debug|x64.Build.0 = Debug|x64
		{4C0CC943-4AEB-48B3-A433-A8BB864F41B0}.Debug|x86.ActiveCfg = Debug|Win32
		{4C0CC943-4AEB-48B3-A433-A8BB864F41B0}.Debug|x86.Build.0 = Debug|Win32
		{4C0CC943-4AEB-48B3-A433-A8BB864F41B0}.Release|x32.ActiveCfg = Release|Win32
		{4C0CC943-4AEB-48B3-A433-A8BB864F41B0}.Release|x32.Build.0 = Release|Win32
		{4C0CC943-4AEB-48B3-A433-A8BB864F41B0}.Release|x64.ActiveCfg = Release|x64
		{4C0CC943-4AEB-48B3-A433-A8BB864F41B0}.Release|x64.Build.0 = Release|x64
		{4C0CC943-4AEB-48B3-A433-A8BB864F41B0}.Release|x86.ActiveCfg = Release|Win32
		{4C0CC943-4AEB-48B3-A433-A8BB864F41B0}.Release|x86.Build.0 = Release|Win32
		{CD3E2202-B792-4FD9-B9B1-313224A46D76}.Debug|x32.ActiveCfg = Debug|Win32
		{CD3E2202-B792-4FD9-B9B1-313224A46D76}.Debug|x32.Build.0 = Debug|Win32
		{CD3E2202-B792-4FD9-B9B1-313224A46D76}.Debug|x64.ActiveCfg = Debug|x64
		{CD3E2202-B792-4FD9-B9B1-313224A46D76}.Debug|x64.Build.0 = Debug|x64
		{CD3E2202-B792-4FD9-B9B1-313224A46D76}.Debug|x86.ActiveCfg = Debug|Win32
		{CD3E2202-B792-4FD9-B9B1-313224A46D76}.Debug|x86.Build.0 = Debug|Win32
		{CD3E2202-B792-4FD9-B9B1-313224A46D76}.Release|x32.ActiveCfg = Release|Win32
		{CD3E2202-B792-4FD9-B9B1-313224A46D76}.Release|x32.Build.0 = Release|Win32
		{CD3E2202-B792-4FD9-B9B1-313224A46D76}.Release|x64.ActiveCfg = Release|x64
		{CD3E2202-B792-4FD9-B9B1-313224A46D76}.Release|x64.Build.0 = Release|x64
		{CD3E2202-B792-4FD9-B9B1-313224A46D76}.Release|x86.ActiveCfg = Release|Win32
		{CD3E2202-B792-4FD9-B9B1-313224A46D76}.Release|x86.Build.0 = Release|Win32
		{FE0BAF25-4F5C-4B44-9272-85D7AEE68102}.Debug|x32.ActiveCfg = Release|Win32
		{FE0BAF25-4F5C-4B44-9272-85D7AEE68102}.Debug|x32.Build.0 = Release|Win32
		{FE0BAF25-4F5C-4B44-9272-85D7AEE68102}.Debug|x64.ActiveCfg = Release|x64
		{FE0BAF25-4F5C-4B44-9272-85D7AEE68102}.Debug|x64.Build.0 = Release|x64
		{FE0BAF25-4F5C-4B44-9272-85D7AEE68102}.Debug|x86.ActiveCfg = Release|Win32
		{FE0BAF25-4F5C-4B44-9272-85D7AEE68102}.Debug|x86.Build.0 = Release|Win32
		{FE0BAF25-4F5C-4B44-9272-85D7AEE68102}.Release|x32.ActiveCfg = Release|Win32
		{FE0BAF25-4F5C-4B44-9272-85D7AEE68102}.Release|x32.Build.0 = Release|Win32
		{FE0BAF25-4F5C-4B44-9272-85D7AEE68102}.Release|x64.ActiveCfg = Release|x64
		{FE0BAF25-4F5C-4B44-9272-85D7AEE68102}.Release|x64.Build.0 = Release|x64
		{FE0BAF25-4F5C-4B44-9272-85D7AEE68102}.Release|x86.ActiveCfg = Release|Win32
		{FE0BAF25-4F5C-4B44-9272-85D7AEE68102}.Release|x86.Build.0 = Release|Win32
		{FE0BAF25-4F5C-4B44-9272-85D7AEE69222}.Debug|x32.ActiveCfg = Release|Win32
		{FE0BAF25-4F5C-4B44-9272-85D7AEE69222}.Debug|x32.Build.0 = Release|Win32
		{FE0BAF25-4F5C-4B44-9272-85D7AEE69222}.Debug|x64.ActiveCfg = Release|x64
		{FE0BAF25-4F5C-4B44-9272-85D7AEE69222}.Debug|x64.Build.0 = Release|x64
		{FE0BAF25-4F5C-4B44-9272-85D7AEE69222}.Debug|x86.ActiveCfg = Release|Win32
		{FE0BAF25-4F5C-4B44-9272-85D7AEE69222}.Debug|x86.Build.0 = Release|Win32
		{FE0BAF25-4F5C-4B44-9272-85D7AEE69222}.Release|x32.ActiveCfg = Release|Win32
		{FE0BAF25-4F5C-4B44-9272-85D7AEE69222}.Release|x32.Build.0 = Release|Win32
		{FE0BAF25-4F5C-4B44-9272-85D7AEE69222}.Release|x64.ActiveCfg = Release|x64
		{FE0BAF25-4F5C-4B44-9272-85D7AEE69222}.Release|x64.Build.0 = Release|x64
		{FE0BAF25-4F5C-4B44-9272-85D7AEE69222}.Release|x86.ActiveCfg = Release|Win32
		{FE0BAF25-4F5C-4B44-9272-85D7AEE69222}.Release|x86.Build.0 = Release|Win32
		{23F5D121-DECE-5849-9FB7-979AC6276C01}.Debug|x32.ActiveCfg = Debug|Win32
		{23F5D121-DECE-5849-9FB7-979AC6276C01}.Debug|x32.Build.0 = Debug|Win32
		{23F5D121-DECE-5849-9FB7-979AC6276C01}.Debug|x64.ActiveCfg = Debug|x64
		{23F5D121-DECE-5849-9FB7-979AC6276C01}.Debug|x64.Build.0 = Debug|x64
		{23F5D121-DECE-5849-9FB7-979AC6276C01}.Debug|x86.ActiveCfg = Debug|Win32
		{23F5D121-DECE-5849-9FB7-979AC6276C01}.Debug|x86.Build.0 = Debug|Win32
		{23F5D121-DECE-5849-9FB7-979AC6276C01}.Release|x32.ActiveCfg = Release|Win32
		{23F5D121-DECE-5849-9FB7-979AC6276C01}.Release|x32.Build.0 = Release|Win32
		{23F5D121-DECE-5849-9FB7-979AC6276C01}.Release|x64.ActiveCfg = Release|x64
		{23F5D121-DECE-5849-9FB7-979AC6276C01}.Release|x64.Build.0 = Release|x64
		{23F5D121-DECE-5849-9FB7-979AC6276C01}.Release|x86.ActiveCfg = Release|Win32
		{23F5D121-DECE-5849-9FB7-979AC6276C01}.Release|x86.Build.0 = Release|Win32
		{4C0CC943-4AEB-48B3-A433-A8CC864F42B1}.Debug|x32.ActiveCfg = Debug|Win32
		{4C0CC943-4AEB-48B3-A433-A8CC864F42B1}.Debug|x32.Build.0 = Debug|Win32
		{4C0CC943-4AEB-48B3-A433-A8CC864F42B1}.Debug|x64.ActiveCfg = Debug|x64
		{4C0CC943-4AEB-48B3-A433-A8CC864F42B1}.Debug|x64.Build.0 = Debug|x64
		{4C0CC943-4AEB-48B3-A433-A8CC864F42B1}.Debug|x86.ActiveCfg = Debug|Win32
		{4C0CC943-4AEB-48B3-A433-A8CC864F42B1}.Debug|x86.Build.0 = Debug|Win32
		{4C0CC943-4AEB-48B3-A433-A8CC864F42B1}.Release|x32.ActiveCfg = Release|Win32
		{4C0CC943-4AEB-48B3-A433-A8CC864F42B1}.Release|x32.Build.0 = Release|Win32
		{4C0CC943-4AEB-48B3-A433-A8CC864F42B1}.Release|x64.ActiveCfg = Release|x64
		{4C0CC943-4AEB-48B3-A433-A8CC864F42B1}.Release|x64.Build.0 = Release|x64
		{4C0CC943-4AEB-48B3-A433-A8CC864F42B1}.Release|x86.ActiveCfg = Release|Win32
		{4C0CC943-4AEB-48B3-A433-A8CC864F42B1}.Release|x86.Build.0 = Release|Win32
	EndGlobalSection
	GlobalSection(SolutionProperties) = preSolution
		HideSolutionNode = FALSE
	EndGlobalSection
	GlobalSection(NestedProjects) = preSolution
		{93F0FDF9-7136-45CE-B098-541379D35070} = {DCEF2D40-5F65-46AD-8773-4204038A6D79}
		{C9F700C2-155F-458A-B29E-3E8FFCCDFE87} = {DCEF2D40-5F65-46AD-8773-4204038A6D79}
		{382D330F-CB2B-4189-81FE-EA7754EA41F2} = {DCEF2D40-5F65-46AD-8773-4204038A6D79}
		{4C0CC943-4AEB-48B3-A433-A8BB864F41B0} = {DCEF2D40-5F65-46AD-8773-4204038A6D79}
		{CD3E2202-B792-4FD9-B9B1-313224A46D76} = {DCEF2D40-5F65-46AD-8773-4204038A6D79}
		{FE0BAF25-4F5C-4B44-9272-85D7AEE68102} = {DD450250-A421-491D-99A5-76C1A094A7C2}
		{FE0BAF25-4F5C-4B44-9272-85D7AEE69222} = {DD450250-A421-491D-99A5-76C1A094A7C2}
		{23F5D121-DECE-5849-9FB7-979AC6276C01} = {75CB774A-D06A-4EBF-8128-C9964CDA4B18}
		{4C0CC943-4AEB-48B3-A433-A8CC864F42B1} = {DCEF2D40-5F65-46AD-8773-4204038A6D79}
	EndGlobalSection
	GlobalSection(ExtensibilityGlobals) = postSolution
		SolutionGuid = {8561D079-1F99-4C73-A1E7-591CF150A8FB}
	EndGlobalSection
EndGlobal
