
Microsoft Visual Studio Solution File, Format Version 12.00
# Visual Studio Version 17
VisualStudioVersion = 17.6.33723.286
MinimumVisualStudioVersion = 10.0.40219.1
Project("{2150E333-8FDC-42A3-9474-1A3956D46DE8}") = "MIDIMT APP", "MIDIMT APP", "{DCEF2D40-5F65-46AD-8773-4204038A6D79}"
EndProject
Project("{8BC9CEB8-8B4A-11D0-8D11-00A0C91BC942}") = "MIDIMTLIB", "MIDIMTDLL\MIDIMTLIB.vcxproj", "{93F0FDF9-7136-45CE-B098-541379D35070}"
	ProjectSection(ProjectDependencies) = postProject
		{23F5D121-DECE-5849-9FB7-979AC6276C01} = {23F5D121-DECE-5849-9FB7-979AC6276C01}
	EndProjectSection
EndProject
Project("{8BC9CEB8-8B4A-11D0-8D11-00A0C91BC942}") = "MIDIMTMIX", "MIDIMTMIX\MIDIMTMIX.vcxproj", "{C9F700C2-155F-458A-B29E-3E8FFCCDFE87}"
EndProject
Project("{8BC9CEB8-8B4A-11D0-8D11-00A0C91BC942}") = "EASYCTRL9", "EASYCTRL9\EASYCTRL9.vcxproj", "{382D330F-CB2B-4189-81FE-EA7754EA41F2}"
EndProject
Project("{8BC9CEB8-8B4A-11D0-8D11-00A0C91BC942}") = "MEDIAKEYS", "MEDIAKEYS\MEDIAKEYS.vcxproj", "{4C0CC943-4AEB-48B3-A433-A8BB864F41B0}"
EndProject
Project("{8BC9CEB8-8B4A-11D0-8D11-00A0C91BC942}") = "MIDIMT", "MIDIMT\MIDIMT.vcxproj", "{CD3E2202-B792-4FD9-B9B1-313224A46D76}"
	ProjectSection(ProjectDependencies) = postProject
		{4C0CC943-4AEB-48B3-A433-A8CC864F42B1} = {4C0CC943-4AEB-48B3-A433-A8CC864F42B1}
	EndProjectSection
EndProject
Project("{2150E333-8FDC-42A3-9474-1A3956D46DE8}") = "LANGS", "LANGS", "{DD450250-A421-491D-99A5-76C1A094A7C2}"
EndProject
Project("{8BC9CEB8-8B4A-11D0-8D11-00A0C91BC942}") = "MIDIMTxRU", "Languages\MIDIMTxRU\MIDIMTxRU.vcxproj", "{FE0BAF25-4F5C-4B44-9272-FFFF00000025}"
	ProjectSection(ProjectDependencies) = postProject
		{23F5D121-DECE-5849-9FB7-979AC6276C01} = {23F5D121-DECE-5849-9FB7-979AC6276C01}
	EndProjectSection
EndProject
Project("{2150E333-8FDC-42A3-9474-1A3956D46DE8}") = "BUILD UTILS", "BUILD UTILS", "{75CB774A-D06A-4EBF-8128-C9964CDA4B18}"
EndProject
Project("{8BC9CEB8-8B4A-11D0-8D11-00A0C91BC942}") = "MIDIMTBUILD", "MIDIMTBUILD\MIDIMTBUILD.vcxproj", "{23F5D121-DECE-5849-9FB7-979AC6276C01}"
EndProject
Project("{8BC9CEB8-8B4A-11D0-8D11-00A0C91BC942}") = "SMARTHOME", "SMARTHOME\SMARTHOME.vcxproj", "{4C0CC943-4AEB-48B3-A433-A8CC864F42B1}"
EndProject
Project("{8BC9CEB8-8B4A-11D0-8D11-00A0C91BC942}") = "MIDIMT-LIB-Test", "TESTS\MIDIMT-LIB-Test\MIDIMT-LIB-Test.vcxproj", "{B9C2EA1A-DB70-4A21-8C22-5B32D7584AF7}"
EndProject
Project("{2150E333-8FDC-42A3-9474-1A3956D46DE8}") = "TESTS", "TESTS", "{8153AE08-F501-4F00-BF8D-C39C78180851}"
EndProject
Project("{8BC9CEB8-8B4A-11D0-8D11-00A0C91BC942}") = "MIDIMT-Launcher", "MIDIMTLauncher\MIDIMT-Launcher.vcxproj", "{CD3E2202-B792-4FD9-A1A1-313224A4B4C4}"
EndProject
Project("{8BC9CEB8-8B4A-11D0-8D11-00A0C91BC942}") = "MIDIMTLIGHT", "MIDIMTLIGHT\MIDIMTLIGHT.vcxproj", "{4C0CC943-4AEB-48B3-A433-A8CC864F21B1}"
EndProject
Project("{8BC9CEB8-8B4A-11D0-8D11-00A0C91BC942}") = "MIDIMTxAR", "Languages\MIDIMTxAR\MIDIMTxAR.vcxproj", "{FE0BAF25-4F5C-4B44-9272-FFFF00000043}"
	ProjectSection(ProjectDependencies) = postProject
		{23F5D121-DECE-5849-9FB7-979AC6276C01} = {23F5D121-DECE-5849-9FB7-979AC6276C01}
	EndProjectSection
EndProject
Project("{8BC9CEB8-8B4A-11D0-8D11-00A0C91BC942}") = "MIDIMTxBG", "Languages\MIDIMTxBG\MIDIMTxBG.vcxproj", "{FE0BAF25-4F5C-4B44-9272-FFFF00000002}"
	ProjectSection(ProjectDependencies) = postProject
		{23F5D121-DECE-5849-9FB7-979AC6276C01} = {23F5D121-DECE-5849-9FB7-979AC6276C01}
	EndProjectSection
EndProject
Project("{8BC9CEB8-8B4A-11D0-8D11-00A0C91BC942}") = "MIDIMTxBS", "Languages\MIDIMTxBS\MIDIMTxBS.vcxproj", "{FE0BAF25-4F5C-4B44-9272-FFFF00000026}"
	ProjectSection(ProjectDependencies) = postProject
		{23F5D121-DECE-5849-9FB7-979AC6276C01} = {23F5D121-DECE-5849-9FB7-979AC6276C01}
	EndProjectSection
EndProject
Project("{8BC9CEB8-8B4A-11D0-8D11-00A0C91BC942}") = "MIDIMTxBY", "Languages\MIDIMTxBY\MIDIMTxBY.vcxproj", "{FE0BAF25-4F5C-4B44-9272-FFFF00000035}"
	ProjectSection(ProjectDependencies) = postProject
		{23F5D121-DECE-5849-9FB7-979AC6276C01} = {23F5D121-DECE-5849-9FB7-979AC6276C01}
	EndProjectSection
EndProject
Project("{8BC9CEB8-8B4A-11D0-8D11-00A0C91BC942}") = "MIDIMTxCN", "Languages\MIDIMTxCN\MIDIMTxCN.vcxproj", "{FE0BAF25-4F5C-4B44-9272-FFFF00000004}"
	ProjectSection(ProjectDependencies) = postProject
		{23F5D121-DECE-5849-9FB7-979AC6276C01} = {23F5D121-DECE-5849-9FB7-979AC6276C01}
	EndProjectSection
EndProject
Project("{8BC9CEB8-8B4A-11D0-8D11-00A0C91BC942}") = "MIDIMTxCZ", "Languages\MIDIMTxCZ\MIDIMTxCZ.vcxproj", "{FE0BAF25-4F5C-4B44-9272-FFFF00000005}"
	ProjectSection(ProjectDependencies) = postProject
		{23F5D121-DECE-5849-9FB7-979AC6276C01} = {23F5D121-DECE-5849-9FB7-979AC6276C01}
	EndProjectSection
EndProject
Project("{8BC9CEB8-8B4A-11D0-8D11-00A0C91BC942}") = "MIDIMTxDE", "Languages\MIDIMTxDE\MIDIMTxDE.vcxproj", "{FE0BAF25-4F5C-4B44-9272-FFFF00000007}"
	ProjectSection(ProjectDependencies) = postProject
		{23F5D121-DECE-5849-9FB7-979AC6276C01} = {23F5D121-DECE-5849-9FB7-979AC6276C01}
	EndProjectSection
EndProject
Project("{8BC9CEB8-8B4A-11D0-8D11-00A0C91BC942}") = "MIDIMTxEN", "Languages\MIDIMTxEN\MIDIMTxEN.vcxproj", "{FE0BAF25-4F5C-4B44-9272-FFFF00000009}"
	ProjectSection(ProjectDependencies) = postProject
		{23F5D121-DECE-5849-9FB7-979AC6276C01} = {23F5D121-DECE-5849-9FB7-979AC6276C01}
	EndProjectSection
EndProject
Project("{8BC9CEB8-8B4A-11D0-8D11-00A0C91BC942}") = "MIDIMTxFR", "Languages\MIDIMTxFR\MIDIMTxFR.vcxproj", "{FE0BAF25-4F5C-4B44-9272-FFFF00000012}"
	ProjectSection(ProjectDependencies) = postProject
		{23F5D121-DECE-5849-9FB7-979AC6276C01} = {23F5D121-DECE-5849-9FB7-979AC6276C01}
	EndProjectSection
EndProject
Project("{8BC9CEB8-8B4A-11D0-8D11-00A0C91BC942}") = "MIDIMTxGR", "Languages\MIDIMTxGR\MIDIMTxGR.vcxproj", "{FE0BAF25-4F5C-4B44-9272-FFFF00000055}"
	ProjectSection(ProjectDependencies) = postProject
		{23F5D121-DECE-5849-9FB7-979AC6276C01} = {23F5D121-DECE-5849-9FB7-979AC6276C01}
	EndProjectSection
EndProject
Project("{8BC9CEB8-8B4A-11D0-8D11-00A0C91BC942}") = "MIDIMTxHR", "Languages\MIDIMTxHR\MIDIMTxHR.vcxproj", "{880DA508-E48F-4B3E-997C-B5FDE961359E}"
	ProjectSection(ProjectDependencies) = postProject
		{23F5D121-DECE-5849-9FB7-979AC6276C01} = {23F5D121-DECE-5849-9FB7-979AC6276C01}
	EndProjectSection
EndProject
Project("{8BC9CEB8-8B4A-11D0-8D11-00A0C91BC942}") = "MIDIMTxHU", "Languages\MIDIMTxHU\MIDIMTxHU.vcxproj", "{FE0BAF25-4F5C-4B44-9272-FFFF00000014}"
	ProjectSection(ProjectDependencies) = postProject
		{23F5D121-DECE-5849-9FB7-979AC6276C01} = {23F5D121-DECE-5849-9FB7-979AC6276C01}
	EndProjectSection
EndProject
Project("{8BC9CEB8-8B4A-11D0-8D11-00A0C91BC942}") = "MIDIMTxJP", "Languages\MIDIMTxJP\MIDIMTxJP.vcxproj", "{FE0BAF25-4F5C-4B44-9272-FFFF00000017}"
	ProjectSection(ProjectDependencies) = postProject
		{23F5D121-DECE-5849-9FB7-979AC6276C01} = {23F5D121-DECE-5849-9FB7-979AC6276C01}
	EndProjectSection
EndProject
Project("{8BC9CEB8-8B4A-11D0-8D11-00A0C91BC942}") = "MIDIMTxNR", "Languages\MIDIMTxNR\MIDIMTxNR.vcxproj", "{FE0BAF25-4F5C-4B44-9272-FFFF00000020}"
	ProjectSection(ProjectDependencies) = postProject
		{23F5D121-DECE-5849-9FB7-979AC6276C01} = {23F5D121-DECE-5849-9FB7-979AC6276C01}
	EndProjectSection
EndProject
Project("{8BC9CEB8-8B4A-11D0-8D11-00A0C91BC942}") = "MIDIMTxSK", "Languages\MIDIMTxSK\MIDIMTxSK.vcxproj", "{FE0BAF25-4F5C-4B44-9272-FFFF00000027}"
	ProjectSection(ProjectDependencies) = postProject
		{23F5D121-DECE-5849-9FB7-979AC6276C01} = {23F5D121-DECE-5849-9FB7-979AC6276C01}
	EndProjectSection
EndProject
Project("{8BC9CEB8-8B4A-11D0-8D11-00A0C91BC942}") = "MIDIMTxSL", "Languages\MIDIMTxSL\MIDIMTxSL.vcxproj", "{FE0BAF25-4F5C-4B44-9272-FFFF00000036}"
	ProjectSection(ProjectDependencies) = postProject
		{23F5D121-DECE-5849-9FB7-979AC6276C01} = {23F5D121-DECE-5849-9FB7-979AC6276C01}
	EndProjectSection
EndProject
Project("{8BC9CEB8-8B4A-11D0-8D11-00A0C91BC942}") = "MIDIMTxSR", "Languages\MIDIMTxSR\MIDIMTxSR.vcxproj", "{97A5EF8C-9B2B-41D5-93AD-F4E1B53CACF2}"
	ProjectSection(ProjectDependencies) = postProject
		{23F5D121-DECE-5849-9FB7-979AC6276C01} = {23F5D121-DECE-5849-9FB7-979AC6276C01}
	EndProjectSection
EndProject
Project("{8BC9CEB8-8B4A-11D0-8D11-00A0C91BC942}") = "MIDIMTxDA", "Languages\MIDIMTxDA\MIDIMTxDA.vcxproj", "{FE0BAF25-4F5C-4B44-9272-FFFF00000019}"
	ProjectSection(ProjectDependencies) = postProject
		{23F5D121-DECE-5849-9FB7-979AC6276C01} = {23F5D121-DECE-5849-9FB7-979AC6276C01}
	EndProjectSection
EndProject
Project("{8BC9CEB8-8B4A-11D0-8D11-00A0C91BC942}") = "MIDIMTxNL", "Languages\MIDIMTxNL\MIDIMTxNL.vcxproj", "{FE0BAF25-4F5C-4B44-9272-FFFF00000015}"
	ProjectSection(ProjectDependencies) = postProject
		{23F5D121-DECE-5849-9FB7-979AC6276C01} = {23F5D121-DECE-5849-9FB7-979AC6276C01}
	EndProjectSection
EndProject
Project("{8BC9CEB8-8B4A-11D0-8D11-00A0C91BC942}") = "MIDIMTxRO", "Languages\MIDIMTxRO\MIDIMTxRO.vcxproj", "{FE0BAF25-4F5C-4B44-9272-FFFF00000024}"
	ProjectSection(ProjectDependencies) = postProject
		{23F5D121-DECE-5849-9FB7-979AC6276C01} = {23F5D121-DECE-5849-9FB7-979AC6276C01}
	EndProjectSection
EndProject
Project("{8BC9CEB8-8B4A-11D0-8D11-00A0C91BC942}") = "MIDIMTxSV", "Languages\MIDIMTxSV\MIDIMTxSV.vcxproj", "{FE0BAF25-4F5C-4B44-9272-FFFF00000029}"
	ProjectSection(ProjectDependencies) = postProject
		{23F5D121-DECE-5849-9FB7-979AC6276C01} = {23F5D121-DECE-5849-9FB7-979AC6276C01}
	EndProjectSection
EndProject
Project("{8BC9CEB8-8B4A-11D0-8D11-00A0C91BC942}") = "MIDIMTxWF", "Languages\MIDIMTxWF\MIDIMTxWF.vcxproj", "{FE0BAF25-4F5C-4B44-9272-FFFF00000098}"
	ProjectSection(ProjectDependencies) = postProject
		{23F5D121-DECE-5849-9FB7-979AC6276C01} = {23F5D121-DECE-5849-9FB7-979AC6276C01}
	EndProjectSection
EndProject
Project("{8BC9CEB8-8B4A-11D0-8D11-00A0C91BC942}") = "MIDIMTxPG", "Languages\MIDIMTxPG\MIDIMTxPG.vcxproj", "{FE0BAF25-4F5C-4B44-9272-FFFF00000022}"
	ProjectSection(ProjectDependencies) = postProject
		{23F5D121-DECE-5849-9FB7-979AC6276C01} = {23F5D121-DECE-5849-9FB7-979AC6276C01}
	EndProjectSection
EndProject
Global
	GlobalSection(SolutionConfigurationPlatforms) = preSolution
		Debug|x32 = Debug|x32
		Debug|x64 = Debug|x64
		Debug|x86 = Debug|x86
		Release|x32 = Release|x32
		Release|x64 = Release|x64
		Release|x86 = Release|x86
	EndGlobalSection
	GlobalSection(ProjectConfigurationPlatforms) = postSolution
		{93F0FDF9-7136-45CE-B098-541379D35070}.Debug|x32.ActiveCfg = Debug|Win32
		{93F0FDF9-7136-45CE-B098-541379D35070}.Debug|x32.Build.0 = Debug|Win32
		{93F0FDF9-7136-45CE-B098-541379D35070}.Debug|x64.ActiveCfg = Debug|x64
		{93F0FDF9-7136-45CE-B098-541379D35070}.Debug|x64.Build.0 = Debug|x64
		{93F0FDF9-7136-45CE-B098-541379D35070}.Debug|x86.ActiveCfg = Debug|Win32
		{93F0FDF9-7136-45CE-B098-541379D35070}.Debug|x86.Build.0 = Debug|Win32
		{93F0FDF9-7136-45CE-B098-541379D35070}.Release|x32.ActiveCfg = Release|Win32
		{93F0FDF9-7136-45CE-B098-541379D35070}.Release|x32.Build.0 = Release|Win32
		{93F0FDF9-7136-45CE-B098-541379D35070}.Release|x64.ActiveCfg = Release|x64
		{93F0FDF9-7136-45CE-B098-541379D35070}.Release|x64.Build.0 = Release|x64
		{93F0FDF9-7136-45CE-B098-541379D35070}.Release|x86.ActiveCfg = Release|Win32
		{93F0FDF9-7136-45CE-B098-541379D35070}.Release|x86.Build.0 = Release|Win32
		{C9F700C2-155F-458A-B29E-3E8FFCCDFE87}.Debug|x32.ActiveCfg = Debug|Win32
		{C9F700C2-155F-458A-B29E-3E8FFCCDFE87}.Debug|x32.Build.0 = Debug|Win32
		{C9F700C2-155F-458A-B29E-3E8FFCCDFE87}.Debug|x64.ActiveCfg = Debug|x64
		{C9F700C2-155F-458A-B29E-3E8FFCCDFE87}.Debug|x64.Build.0 = Debug|x64
		{C9F700C2-155F-458A-B29E-3E8FFCCDFE87}.Debug|x86.ActiveCfg = Debug|Win32
		{C9F700C2-155F-458A-B29E-3E8FFCCDFE87}.Debug|x86.Build.0 = Debug|Win32
		{C9F700C2-155F-458A-B29E-3E8FFCCDFE87}.Release|x32.ActiveCfg = Release|Win32
		{C9F700C2-155F-458A-B29E-3E8FFCCDFE87}.Release|x32.Build.0 = Release|Win32
		{C9F700C2-155F-458A-B29E-3E8FFCCDFE87}.Release|x64.ActiveCfg = Release|x64
		{C9F700C2-155F-458A-B29E-3E8FFCCDFE87}.Release|x64.Build.0 = Release|x64
		{C9F700C2-155F-458A-B29E-3E8FFCCDFE87}.Release|x86.ActiveCfg = Release|Win32
		{C9F700C2-155F-458A-B29E-3E8FFCCDFE87}.Release|x86.Build.0 = Release|Win32
		{382D330F-CB2B-4189-81FE-EA7754EA41F2}.Debug|x32.ActiveCfg = Debug|Win32
		{382D330F-CB2B-4189-81FE-EA7754EA41F2}.Debug|x32.Build.0 = Debug|Win32
		{382D330F-CB2B-4189-81FE-EA7754EA41F2}.Debug|x64.ActiveCfg = Debug|x64
		{382D330F-CB2B-4189-81FE-EA7754EA41F2}.Debug|x64.Build.0 = Debug|x64
		{382D330F-CB2B-4189-81FE-EA7754EA41F2}.Debug|x86.ActiveCfg = Debug|Win32
		{382D330F-CB2B-4189-81FE-EA7754EA41F2}.Debug|x86.Build.0 = Debug|Win32
		{382D330F-CB2B-4189-81FE-EA7754EA41F2}.Release|x32.ActiveCfg = Release|Win32
		{382D330F-CB2B-4189-81FE-EA7754EA41F2}.Release|x32.Build.0 = Release|Win32
		{382D330F-CB2B-4189-81FE-EA7754EA41F2}.Release|x64.ActiveCfg = Release|x64
		{382D330F-CB2B-4189-81FE-EA7754EA41F2}.Release|x64.Build.0 = Release|x64
		{382D330F-CB2B-4189-81FE-EA7754EA41F2}.Release|x86.ActiveCfg = Release|Win32
		{382D330F-CB2B-4189-81FE-EA7754EA41F2}.Release|x86.Build.0 = Release|Win32
		{4C0CC943-4AEB-48B3-A433-A8BB864F41B0}.Debug|x32.ActiveCfg = Debug|Win32
		{4C0CC943-4AEB-48B3-A433-A8BB864F41B0}.Debug|x32.Build.0 = Debug|Win32
		{4C0CC943-4AEB-48B3-A433-A8BB864F41B0}.Debug|x64.ActiveCfg = Debug|x64
		{4C0CC943-4AEB-48B3-A433-A8BB864F41B0}.Debug|x64.Build.0 = Debug|x64
		{4C0CC943-4AEB-48B3-A433-A8BB864F41B0}.Debug|x86.ActiveCfg = Debug|Win32
		{4C0CC943-4AEB-48B3-A433-A8BB864F41B0}.Debug|x86.Build.0 = Debug|Win32
		{4C0CC943-4AEB-48B3-A433-A8BB864F41B0}.Release|x32.ActiveCfg = Release|Win32
		{4C0CC943-4AEB-48B3-A433-A8BB864F41B0}.Release|x32.Build.0 = Release|Win32
		{4C0CC943-4AEB-48B3-A433-A8BB864F41B0}.Release|x64.ActiveCfg = Release|x64
		{4C0CC943-4AEB-48B3-A433-A8BB864F41B0}.Release|x64.Build.0 = Release|x64
		{4C0CC943-4AEB-48B3-A433-A8BB864F41B0}.Release|x86.ActiveCfg = Release|Win32
		{4C0CC943-4AEB-48B3-A433-A8BB864F41B0}.Release|x86.Build.0 = Release|Win32
		{CD3E2202-B792-4FD9-B9B1-313224A46D76}.Debug|x32.ActiveCfg = Debug|Win32
		{CD3E2202-B792-4FD9-B9B1-313224A46D76}.Debug|x32.Build.0 = Debug|Win32
		{CD3E2202-B792-4FD9-B9B1-313224A46D76}.Debug|x64.ActiveCfg = Debug|x64
		{CD3E2202-B792-4FD9-B9B1-313224A46D76}.Debug|x64.Build.0 = Debug|x64
		{CD3E2202-B792-4FD9-B9B1-313224A46D76}.Debug|x86.ActiveCfg = Debug|Win32
		{CD3E2202-B792-4FD9-B9B1-313224A46D76}.Debug|x86.Build.0 = Debug|Win32
		{CD3E2202-B792-4FD9-B9B1-313224A46D76}.Release|x32.ActiveCfg = Release|Win32
		{CD3E2202-B792-4FD9-B9B1-313224A46D76}.Release|x32.Build.0 = Release|Win32
		{CD3E2202-B792-4FD9-B9B1-313224A46D76}.Release|x64.ActiveCfg = Release|x64
		{CD3E2202-B792-4FD9-B9B1-313224A46D76}.Release|x64.Build.0 = Release|x64
		{CD3E2202-B792-4FD9-B9B1-313224A46D76}.Release|x86.ActiveCfg = Release|Win32
		{CD3E2202-B792-4FD9-B9B1-313224A46D76}.Release|x86.Build.0 = Release|Win32
		{FE0BAF25-4F5C-4B44-9272-FFFF00000025}.Debug|x32.ActiveCfg = Release|Win32
		{FE0BAF25-4F5C-4B44-9272-FFFF00000025}.Debug|x32.Build.0 = Release|Win32
		{FE0BAF25-4F5C-4B44-9272-FFFF00000025}.Debug|x64.ActiveCfg = Release|x64
		{FE0BAF25-4F5C-4B44-9272-FFFF00000025}.Debug|x64.Build.0 = Release|x64
		{FE0BAF25-4F5C-4B44-9272-FFFF00000025}.Debug|x86.ActiveCfg = Release|Win32
		{FE0BAF25-4F5C-4B44-9272-FFFF00000025}.Debug|x86.Build.0 = Release|Win32
		{FE0BAF25-4F5C-4B44-9272-FFFF00000025}.Release|x32.ActiveCfg = Release|Win32
		{FE0BAF25-4F5C-4B44-9272-FFFF00000025}.Release|x32.Build.0 = Release|Win32
		{FE0BAF25-4F5C-4B44-9272-FFFF00000025}.Release|x64.ActiveCfg = Release|x64
		{FE0BAF25-4F5C-4B44-9272-FFFF00000025}.Release|x64.Build.0 = Release|x64
		{FE0BAF25-4F5C-4B44-9272-FFFF00000025}.Release|x86.ActiveCfg = Release|Win32
		{FE0BAF25-4F5C-4B44-9272-FFFF00000025}.Release|x86.Build.0 = Release|Win32
		{23F5D121-DECE-5849-9FB7-979AC6276C01}.Debug|x32.ActiveCfg = Debug|Win32
		{23F5D121-DECE-5849-9FB7-979AC6276C01}.Debug|x32.Build.0 = Debug|Win32
		{23F5D121-DECE-5849-9FB7-979AC6276C01}.Debug|x64.ActiveCfg = Debug|x64
		{23F5D121-DECE-5849-9FB7-979AC6276C01}.Debug|x64.Build.0 = Debug|x64
		{23F5D121-DECE-5849-9FB7-979AC6276C01}.Debug|x86.ActiveCfg = Debug|Win32
		{23F5D121-DECE-5849-9FB7-979AC6276C01}.Debug|x86.Build.0 = Debug|Win32
		{23F5D121-DECE-5849-9FB7-979AC6276C01}.Release|x32.ActiveCfg = Release|Win32
		{23F5D121-DECE-5849-9FB7-979AC6276C01}.Release|x32.Build.0 = Release|Win32
		{23F5D121-DECE-5849-9FB7-979AC6276C01}.Release|x64.ActiveCfg = Release|x64
		{23F5D121-DECE-5849-9FB7-979AC6276C01}.Release|x64.Build.0 = Release|x64
		{23F5D121-DECE-5849-9FB7-979AC6276C01}.Release|x86.ActiveCfg = Release|Win32
		{23F5D121-DECE-5849-9FB7-979AC6276C01}.Release|x86.Build.0 = Release|Win32
		{4C0CC943-4AEB-48B3-A433-A8CC864F42B1}.Debug|x32.ActiveCfg = Debug|Win32
		{4C0CC943-4AEB-48B3-A433-A8CC864F42B1}.Debug|x32.Build.0 = Debug|Win32
		{4C0CC943-4AEB-48B3-A433-A8CC864F42B1}.Debug|x64.ActiveCfg = Debug|x64
		{4C0CC943-4AEB-48B3-A433-A8CC864F42B1}.Debug|x64.Build.0 = Debug|x64
		{4C0CC943-4AEB-48B3-A433-A8CC864F42B1}.Debug|x86.ActiveCfg = Debug|Win32
		{4C0CC943-4AEB-48B3-A433-A8CC864F42B1}.Debug|x86.Build.0 = Debug|Win32
		{4C0CC943-4AEB-48B3-A433-A8CC864F42B1}.Release|x32.ActiveCfg = Release|Win32
		{4C0CC943-4AEB-48B3-A433-A8CC864F42B1}.Release|x32.Build.0 = Release|Win32
		{4C0CC943-4AEB-48B3-A433-A8CC864F42B1}.Release|x64.ActiveCfg = Release|x64
		{4C0CC943-4AEB-48B3-A433-A8CC864F42B1}.Release|x64.Build.0 = Release|x64
		{4C0CC943-4AEB-48B3-A433-A8CC864F42B1}.Release|x86.ActiveCfg = Release|Win32
		{4C0CC943-4AEB-48B3-A433-A8CC864F42B1}.Release|x86.Build.0 = Release|Win32
		{B9C2EA1A-DB70-4A21-8C22-5B32D7584AF7}.Debug|x32.ActiveCfg = Debug|Win32
		{B9C2EA1A-DB70-4A21-8C22-5B32D7584AF7}.Debug|x32.Build.0 = Debug|Win32
		{B9C2EA1A-DB70-4A21-8C22-5B32D7584AF7}.Debug|x64.ActiveCfg = Debug|x64
		{B9C2EA1A-DB70-4A21-8C22-5B32D7584AF7}.Debug|x64.Build.0 = Debug|x64
		{B9C2EA1A-DB70-4A21-8C22-5B32D7584AF7}.Debug|x86.ActiveCfg = Debug|Win32
		{B9C2EA1A-DB70-4A21-8C22-5B32D7584AF7}.Debug|x86.Build.0 = Debug|Win32
		{B9C2EA1A-DB70-4A21-8C22-5B32D7584AF7}.Release|x32.ActiveCfg = Release|Win32
		{B9C2EA1A-DB70-4A21-8C22-5B32D7584AF7}.Release|x32.Build.0 = Release|Win32
		{B9C2EA1A-DB70-4A21-8C22-5B32D7584AF7}.Release|x64.ActiveCfg = Release|x64
		{B9C2EA1A-DB70-4A21-8C22-5B32D7584AF7}.Release|x64.Build.0 = Release|x64
		{B9C2EA1A-DB70-4A21-8C22-5B32D7584AF7}.Release|x86.ActiveCfg = Release|Win32
		{B9C2EA1A-DB70-4A21-8C22-5B32D7584AF7}.Release|x86.Build.0 = Release|Win32
		{CD3E2202-B792-4FD9-A1A1-313224A4B4C4}.Debug|x32.ActiveCfg = Debug|Win32
		{CD3E2202-B792-4FD9-A1A1-313224A4B4C4}.Debug|x32.Build.0 = Debug|Win32
		{CD3E2202-B792-4FD9-A1A1-313224A4B4C4}.Debug|x64.ActiveCfg = Debug|x64
		{CD3E2202-B792-4FD9-A1A1-313224A4B4C4}.Debug|x64.Build.0 = Debug|x64
		{CD3E2202-B792-4FD9-A1A1-313224A4B4C4}.Debug|x86.ActiveCfg = Debug|Win32
		{CD3E2202-B792-4FD9-A1A1-313224A4B4C4}.Debug|x86.Build.0 = Debug|Win32
		{CD3E2202-B792-4FD9-A1A1-313224A4B4C4}.Release|x32.ActiveCfg = Release|Win32
		{CD3E2202-B792-4FD9-A1A1-313224A4B4C4}.Release|x32.Build.0 = Release|Win32
		{CD3E2202-B792-4FD9-A1A1-313224A4B4C4}.Release|x64.ActiveCfg = Release|x64
		{CD3E2202-B792-4FD9-A1A1-313224A4B4C4}.Release|x64.Build.0 = Release|x64
		{CD3E2202-B792-4FD9-A1A1-313224A4B4C4}.Release|x86.ActiveCfg = Release|Win32
		{CD3E2202-B792-4FD9-A1A1-313224A4B4C4}.Release|x86.Build.0 = Release|Win32
		{4C0CC943-4AEB-48B3-A433-A8CC864F21B1}.Debug|x32.ActiveCfg = Debug|Win32
		{4C0CC943-4AEB-48B3-A433-A8CC864F21B1}.Debug|x32.Build.0 = Debug|Win32
		{4C0CC943-4AEB-48B3-A433-A8CC864F21B1}.Debug|x64.ActiveCfg = Debug|x64
		{4C0CC943-4AEB-48B3-A433-A8CC864F21B1}.Debug|x64.Build.0 = Debug|x64
		{4C0CC943-4AEB-48B3-A433-A8CC864F21B1}.Debug|x86.ActiveCfg = Debug|Win32
		{4C0CC943-4AEB-48B3-A433-A8CC864F21B1}.Debug|x86.Build.0 = Debug|Win32
		{4C0CC943-4AEB-48B3-A433-A8CC864F21B1}.Release|x32.ActiveCfg = Release|Win32
		{4C0CC943-4AEB-48B3-A433-A8CC864F21B1}.Release|x32.Build.0 = Release|Win32
		{4C0CC943-4AEB-48B3-A433-A8CC864F21B1}.Release|x64.ActiveCfg = Release|x64
		{4C0CC943-4AEB-48B3-A433-A8CC864F21B1}.Release|x64.Build.0 = Release|x64
		{4C0CC943-4AEB-48B3-A433-A8CC864F21B1}.Release|x86.ActiveCfg = Release|Win32
		{4C0CC943-4AEB-48B3-A433-A8CC864F21B1}.Release|x86.Build.0 = Release|Win32
		{FE0BAF25-4F5C-4B44-9272-FFFF00000043}.Debug|x32.ActiveCfg = Release|Win32
		{FE0BAF25-4F5C-4B44-9272-FFFF00000043}.Debug|x32.Build.0 = Release|Win32
		{FE0BAF25-4F5C-4B44-9272-FFFF00000043}.Debug|x64.ActiveCfg = Release|x64
		{FE0BAF25-4F5C-4B44-9272-FFFF00000043}.Debug|x64.Build.0 = Release|x64
		{FE0BAF25-4F5C-4B44-9272-FFFF00000043}.Debug|x86.ActiveCfg = Release|Win32
		{FE0BAF25-4F5C-4B44-9272-FFFF00000043}.Debug|x86.Build.0 = Release|Win32
		{FE0BAF25-4F5C-4B44-9272-FFFF00000043}.Release|x32.ActiveCfg = Release|Win32
		{FE0BAF25-4F5C-4B44-9272-FFFF00000043}.Release|x32.Build.0 = Release|Win32
		{FE0BAF25-4F5C-4B44-9272-FFFF00000043}.Release|x64.ActiveCfg = Release|x64
		{FE0BAF25-4F5C-4B44-9272-FFFF00000043}.Release|x64.Build.0 = Release|x64
		{FE0BAF25-4F5C-4B44-9272-FFFF00000043}.Release|x86.ActiveCfg = Release|Win32
		{FE0BAF25-4F5C-4B44-9272-FFFF00000043}.Release|x86.Build.0 = Release|Win32
		{FE0BAF25-4F5C-4B44-9272-FFFF00000002}.Debug|x32.ActiveCfg = Release|Win32
		{FE0BAF25-4F5C-4B44-9272-FFFF00000002}.Debug|x32.Build.0 = Release|Win32
		{FE0BAF25-4F5C-4B44-9272-FFFF00000002}.Debug|x64.ActiveCfg = Release|x64
		{FE0BAF25-4F5C-4B44-9272-FFFF00000002}.Debug|x64.Build.0 = Release|x64
		{FE0BAF25-4F5C-4B44-9272-FFFF00000002}.Debug|x86.ActiveCfg = Release|Win32
		{FE0BAF25-4F5C-4B44-9272-FFFF00000002}.Debug|x86.Build.0 = Release|Win32
		{FE0BAF25-4F5C-4B44-9272-FFFF00000002}.Release|x32.ActiveCfg = Release|Win32
		{FE0BAF25-4F5C-4B44-9272-FFFF00000002}.Release|x32.Build.0 = Release|Win32
		{FE0BAF25-4F5C-4B44-9272-FFFF00000002}.Release|x64.ActiveCfg = Release|x64
		{FE0BAF25-4F5C-4B44-9272-FFFF00000002}.Release|x64.Build.0 = Release|x64
		{FE0BAF25-4F5C-4B44-9272-FFFF00000002}.Release|x86.ActiveCfg = Release|Win32
		{FE0BAF25-4F5C-4B44-9272-FFFF00000002}.Release|x86.Build.0 = Release|Win32
		{FE0BAF25-4F5C-4B44-9272-FFFF00000026}.Debug|x32.ActiveCfg = Release|Win32
		{FE0BAF25-4F5C-4B44-9272-FFFF00000026}.Debug|x32.Build.0 = Release|Win32
		{FE0BAF25-4F5C-4B44-9272-FFFF00000026}.Debug|x64.ActiveCfg = Release|x64
		{FE0BAF25-4F5C-4B44-9272-FFFF00000026}.Debug|x64.Build.0 = Release|x64
		{FE0BAF25-4F5C-4B44-9272-FFFF00000026}.Debug|x86.ActiveCfg = Release|Win32
		{FE0BAF25-4F5C-4B44-9272-FFFF00000026}.Debug|x86.Build.0 = Release|Win32
		{FE0BAF25-4F5C-4B44-9272-FFFF00000026}.Release|x32.ActiveCfg = Release|Win32
		{FE0BAF25-4F5C-4B44-9272-FFFF00000026}.Release|x32.Build.0 = Release|Win32
		{FE0BAF25-4F5C-4B44-9272-FFFF00000026}.Release|x64.ActiveCfg = Release|x64
		{FE0BAF25-4F5C-4B44-9272-FFFF00000026}.Release|x64.Build.0 = Release|x64
		{FE0BAF25-4F5C-4B44-9272-FFFF00000026}.Release|x86.ActiveCfg = Release|Win32
		{FE0BAF25-4F5C-4B44-9272-FFFF00000026}.Release|x86.Build.0 = Release|Win32
		{FE0BAF25-4F5C-4B44-9272-FFFF00000035}.Debug|x32.ActiveCfg = Release|Win32
		{FE0BAF25-4F5C-4B44-9272-FFFF00000035}.Debug|x32.Build.0 = Release|Win32
		{FE0BAF25-4F5C-4B44-9272-FFFF00000035}.Debug|x64.ActiveCfg = Release|x64
		{FE0BAF25-4F5C-4B44-9272-FFFF00000035}.Debug|x64.Build.0 = Release|x64
		{FE0BAF25-4F5C-4B44-9272-FFFF00000035}.Debug|x86.ActiveCfg = Release|Win32
		{FE0BAF25-4F5C-4B44-9272-FFFF00000035}.Debug|x86.Build.0 = Release|Win32
		{FE0BAF25-4F5C-4B44-9272-FFFF00000035}.Release|x32.ActiveCfg = Release|Win32
		{FE0BAF25-4F5C-4B44-9272-FFFF00000035}.Release|x32.Build.0 = Release|Win32
		{FE0BAF25-4F5C-4B44-9272-FFFF00000035}.Release|x64.ActiveCfg = Release|x64
		{FE0BAF25-4F5C-4B44-9272-FFFF00000035}.Release|x64.Build.0 = Release|x64
		{FE0BAF25-4F5C-4B44-9272-FFFF00000035}.Release|x86.ActiveCfg = Release|Win32
		{FE0BAF25-4F5C-4B44-9272-FFFF00000035}.Release|x86.Build.0 = Release|Win32
		{FE0BAF25-4F5C-4B44-9272-FFFF00000004}.Debug|x32.ActiveCfg = Release|Win32
		{FE0BAF25-4F5C-4B44-9272-FFFF00000004}.Debug|x32.Build.0 = Release|Win32
		{FE0BAF25-4F5C-4B44-9272-FFFF00000004}.Debug|x64.ActiveCfg = Release|x64
		{FE0BAF25-4F5C-4B44-9272-FFFF00000004}.Debug|x64.Build.0 = Release|x64
		{FE0BAF25-4F5C-4B44-9272-FFFF00000004}.Debug|x86.ActiveCfg = Release|Win32
		{FE0BAF25-4F5C-4B44-9272-FFFF00000004}.Debug|x86.Build.0 = Release|Win32
		{FE0BAF25-4F5C-4B44-9272-FFFF00000004}.Release|x32.ActiveCfg = Release|Win32
		{FE0BAF25-4F5C-4B44-9272-FFFF00000004}.Release|x32.Build.0 = Release|Win32
		{FE0BAF25-4F5C-4B44-9272-FFFF00000004}.Release|x64.ActiveCfg = Release|x64
		{FE0BAF25-4F5C-4B44-9272-FFFF00000004}.Release|x64.Build.0 = Release|x64
		{FE0BAF25-4F5C-4B44-9272-FFFF00000004}.Release|x86.ActiveCfg = Release|Win32
		{FE0BAF25-4F5C-4B44-9272-FFFF00000004}.Release|x86.Build.0 = Release|Win32
		{FE0BAF25-4F5C-4B44-9272-FFFF00000005}.Debug|x32.ActiveCfg = Release|Win32
		{FE0BAF25-4F5C-4B44-9272-FFFF00000005}.Debug|x32.Build.0 = Release|Win32
		{FE0BAF25-4F5C-4B44-9272-FFFF00000005}.Debug|x64.ActiveCfg = Release|x64
		{FE0BAF25-4F5C-4B44-9272-FFFF00000005}.Debug|x64.Build.0 = Release|x64
		{FE0BAF25-4F5C-4B44-9272-FFFF00000005}.Debug|x86.ActiveCfg = Release|Win32
		{FE0BAF25-4F5C-4B44-9272-FFFF00000005}.Debug|x86.Build.0 = Release|Win32
		{FE0BAF25-4F5C-4B44-9272-FFFF00000005}.Release|x32.ActiveCfg = Release|Win32
		{FE0BAF25-4F5C-4B44-9272-FFFF00000005}.Release|x32.Build.0 = Release|Win32
		{FE0BAF25-4F5C-4B44-9272-FFFF00000005}.Release|x64.ActiveCfg = Release|x64
		{FE0BAF25-4F5C-4B44-9272-FFFF00000005}.Release|x64.Build.0 = Release|x64
		{FE0BAF25-4F5C-4B44-9272-FFFF00000005}.Release|x86.ActiveCfg = Release|Win32
		{FE0BAF25-4F5C-4B44-9272-FFFF00000005}.Release|x86.Build.0 = Release|Win32
		{FE0BAF25-4F5C-4B44-9272-FFFF00000007}.Debug|x32.ActiveCfg = Release|Win32
		{FE0BAF25-4F5C-4B44-9272-FFFF00000007}.Debug|x32.Build.0 = Release|Win32
		{FE0BAF25-4F5C-4B44-9272-FFFF00000007}.Debug|x64.ActiveCfg = Release|x64
		{FE0BAF25-4F5C-4B44-9272-FFFF00000007}.Debug|x64.Build.0 = Release|x64
		{FE0BAF25-4F5C-4B44-9272-FFFF00000007}.Debug|x86.ActiveCfg = Release|Win32
		{FE0BAF25-4F5C-4B44-9272-FFFF00000007}.Debug|x86.Build.0 = Release|Win32
		{FE0BAF25-4F5C-4B44-9272-FFFF00000007}.Release|x32.ActiveCfg = Release|Win32
		{FE0BAF25-4F5C-4B44-9272-FFFF00000007}.Release|x32.Build.0 = Release|Win32
		{FE0BAF25-4F5C-4B44-9272-FFFF00000007}.Release|x64.ActiveCfg = Release|x64
		{FE0BAF25-4F5C-4B44-9272-FFFF00000007}.Release|x64.Build.0 = Release|x64
		{FE0BAF25-4F5C-4B44-9272-FFFF00000007}.Release|x86.ActiveCfg = Release|Win32
		{FE0BAF25-4F5C-4B44-9272-FFFF00000007}.Release|x86.Build.0 = Release|Win32
		{FE0BAF25-4F5C-4B44-9272-FFFF00000009}.Debug|x32.ActiveCfg = Release|Win32
		{FE0BAF25-4F5C-4B44-9272-FFFF00000009}.Debug|x32.Build.0 = Release|Win32
		{FE0BAF25-4F5C-4B44-9272-FFFF00000009}.Debug|x64.ActiveCfg = Release|x64
		{FE0BAF25-4F5C-4B44-9272-FFFF00000009}.Debug|x64.Build.0 = Release|x64
		{FE0BAF25-4F5C-4B44-9272-FFFF00000009}.Debug|x86.ActiveCfg = Release|Win32
		{FE0BAF25-4F5C-4B44-9272-FFFF00000009}.Debug|x86.Build.0 = Release|Win32
		{FE0BAF25-4F5C-4B44-9272-FFFF00000009}.Release|x32.ActiveCfg = Release|Win32
		{FE0BAF25-4F5C-4B44-9272-FFFF00000009}.Release|x32.Build.0 = Release|Win32
		{FE0BAF25-4F5C-4B44-9272-FFFF00000009}.Release|x64.ActiveCfg = Release|x64
		{FE0BAF25-4F5C-4B44-9272-FFFF00000009}.Release|x64.Build.0 = Release|x64
		{FE0BAF25-4F5C-4B44-9272-FFFF00000009}.Release|x86.ActiveCfg = Release|Win32
		{FE0BAF25-4F5C-4B44-9272-FFFF00000009}.Release|x86.Build.0 = Release|Win32
		{FE0BAF25-4F5C-4B44-9272-FFFF00000012}.Debug|x32.ActiveCfg = Release|Win32
		{FE0BAF25-4F5C-4B44-9272-FFFF00000012}.Debug|x32.Build.0 = Release|Win32
		{FE0BAF25-4F5C-4B44-9272-FFFF00000012}.Debug|x64.ActiveCfg = Release|x64
		{FE0BAF25-4F5C-4B44-9272-FFFF00000012}.Debug|x64.Build.0 = Release|x64
		{FE0BAF25-4F5C-4B44-9272-FFFF00000012}.Debug|x86.ActiveCfg = Release|Win32
		{FE0BAF25-4F5C-4B44-9272-FFFF00000012}.Debug|x86.Build.0 = Release|Win32
		{FE0BAF25-4F5C-4B44-9272-FFFF00000012}.Release|x32.ActiveCfg = Release|Win32
		{FE0BAF25-4F5C-4B44-9272-FFFF00000012}.Release|x32.Build.0 = Release|Win32
		{FE0BAF25-4F5C-4B44-9272-FFFF00000012}.Release|x64.ActiveCfg = Release|x64
		{FE0BAF25-4F5C-4B44-9272-FFFF00000012}.Release|x64.Build.0 = Release|x64
		{FE0BAF25-4F5C-4B44-9272-FFFF00000012}.Release|x86.ActiveCfg = Release|Win32
		{FE0BAF25-4F5C-4B44-9272-FFFF00000012}.Release|x86.Build.0 = Release|Win32
		{FE0BAF25-4F5C-4B44-9272-FFFF00000055}.Debug|x32.ActiveCfg = Release|Win32
		{FE0BAF25-4F5C-4B44-9272-FFFF00000055}.Debug|x32.Build.0 = Release|Win32
		{FE0BAF25-4F5C-4B44-9272-FFFF00000055}.Debug|x64.ActiveCfg = Release|x64
		{FE0BAF25-4F5C-4B44-9272-FFFF00000055}.Debug|x64.Build.0 = Release|x64
		{FE0BAF25-4F5C-4B44-9272-FFFF00000055}.Debug|x86.ActiveCfg = Release|Win32
		{FE0BAF25-4F5C-4B44-9272-FFFF00000055}.Debug|x86.Build.0 = Release|Win32
		{FE0BAF25-4F5C-4B44-9272-FFFF00000055}.Release|x32.ActiveCfg = Release|Win32
		{FE0BAF25-4F5C-4B44-9272-FFFF00000055}.Release|x32.Build.0 = Release|Win32
		{FE0BAF25-4F5C-4B44-9272-FFFF00000055}.Release|x64.ActiveCfg = Release|x64
		{FE0BAF25-4F5C-4B44-9272-FFFF00000055}.Release|x64.Build.0 = Release|x64
		{FE0BAF25-4F5C-4B44-9272-FFFF00000055}.Release|x86.ActiveCfg = Release|Win32
		{FE0BAF25-4F5C-4B44-9272-FFFF00000055}.Release|x86.Build.0 = Release|Win32
		{880DA508-E48F-4B3E-997C-B5FDE961359E}.Debug|x32.ActiveCfg = Release|Win32
		{880DA508-E48F-4B3E-997C-B5FDE961359E}.Debug|x32.Build.0 = Release|Win32
		{880DA508-E48F-4B3E-997C-B5FDE961359E}.Debug|x64.ActiveCfg = Release|x64
		{880DA508-E48F-4B3E-997C-B5FDE961359E}.Debug|x64.Build.0 = Release|x64
		{880DA508-E48F-4B3E-997C-B5FDE961359E}.Debug|x86.ActiveCfg = Release|Win32
		{880DA508-E48F-4B3E-997C-B5FDE961359E}.Debug|x86.Build.0 = Release|Win32
		{880DA508-E48F-4B3E-997C-B5FDE961359E}.Release|x32.ActiveCfg = Release|Win32
		{880DA508-E48F-4B3E-997C-B5FDE961359E}.Release|x32.Build.0 = Release|Win32
		{880DA508-E48F-4B3E-997C-B5FDE961359E}.Release|x64.ActiveCfg = Release|x64
		{880DA508-E48F-4B3E-997C-B5FDE961359E}.Release|x64.Build.0 = Release|x64
		{880DA508-E48F-4B3E-997C-B5FDE961359E}.Release|x86.ActiveCfg = Release|Win32
		{880DA508-E48F-4B3E-997C-B5FDE961359E}.Release|x86.Build.0 = Release|Win32
		{FE0BAF25-4F5C-4B44-9272-FFFF00000014}.Debug|x32.ActiveCfg = Release|Win32
		{FE0BAF25-4F5C-4B44-9272-FFFF00000014}.Debug|x32.Build.0 = Release|Win32
		{FE0BAF25-4F5C-4B44-9272-FFFF00000014}.Debug|x64.ActiveCfg = Release|x64
		{FE0BAF25-4F5C-4B44-9272-FFFF00000014}.Debug|x64.Build.0 = Release|x64
		{FE0BAF25-4F5C-4B44-9272-FFFF00000014}.Debug|x86.ActiveCfg = Release|Win32
		{FE0BAF25-4F5C-4B44-9272-FFFF00000014}.Debug|x86.Build.0 = Release|Win32
		{FE0BAF25-4F5C-4B44-9272-FFFF00000014}.Release|x32.ActiveCfg = Release|Win32
		{FE0BAF25-4F5C-4B44-9272-FFFF00000014}.Release|x32.Build.0 = Release|Win32
		{FE0BAF25-4F5C-4B44-9272-FFFF00000014}.Release|x64.ActiveCfg = Release|x64
		{FE0BAF25-4F5C-4B44-9272-FFFF00000014}.Release|x64.Build.0 = Release|x64
		{FE0BAF25-4F5C-4B44-9272-FFFF00000014}.Release|x86.ActiveCfg = Release|Win32
		{FE0BAF25-4F5C-4B44-9272-FFFF00000014}.Release|x86.Build.0 = Release|Win32
		{FE0BAF25-4F5C-4B44-9272-FFFF00000017}.Debug|x32.ActiveCfg = Release|Win32
		{FE0BAF25-4F5C-4B44-9272-FFFF00000017}.Debug|x32.Build.0 = Release|Win32
		{FE0BAF25-4F5C-4B44-9272-FFFF00000017}.Debug|x64.ActiveCfg = Release|x64
		{FE0BAF25-4F5C-4B44-9272-FFFF00000017}.Debug|x64.Build.0 = Release|x64
		{FE0BAF25-4F5C-4B44-9272-FFFF00000017}.Debug|x86.ActiveCfg = Release|Win32
		{FE0BAF25-4F5C-4B44-9272-FFFF00000017}.Debug|x86.Build.0 = Release|Win32
		{FE0BAF25-4F5C-4B44-9272-FFFF00000017}.Release|x32.ActiveCfg = Release|Win32
		{FE0BAF25-4F5C-4B44-9272-FFFF00000017}.Release|x32.Build.0 = Release|Win32
		{FE0BAF25-4F5C-4B44-9272-FFFF00000017}.Release|x64.ActiveCfg = Release|x64
		{FE0BAF25-4F5C-4B44-9272-FFFF00000017}.Release|x64.Build.0 = Release|x64
		{FE0BAF25-4F5C-4B44-9272-FFFF00000017}.Release|x86.ActiveCfg = Release|Win32
		{FE0BAF25-4F5C-4B44-9272-FFFF00000017}.Release|x86.Build.0 = Release|Win32
		{FE0BAF25-4F5C-4B44-9272-FFFF00000020}.Debug|x32.ActiveCfg = Release|Win32
		{FE0BAF25-4F5C-4B44-9272-FFFF00000020}.Debug|x32.Build.0 = Release|Win32
		{FE0BAF25-4F5C-4B44-9272-FFFF00000020}.Debug|x64.ActiveCfg = Release|x64
		{FE0BAF25-4F5C-4B44-9272-FFFF00000020}.Debug|x64.Build.0 = Release|x64
		{FE0BAF25-4F5C-4B44-9272-FFFF00000020}.Debug|x86.ActiveCfg = Release|Win32
		{FE0BAF25-4F5C-4B44-9272-FFFF00000020}.Debug|x86.Build.0 = Release|Win32
		{FE0BAF25-4F5C-4B44-9272-FFFF00000020}.Release|x32.ActiveCfg = Release|Win32
		{FE0BAF25-4F5C-4B44-9272-FFFF00000020}.Release|x32.Build.0 = Release|Win32
		{FE0BAF25-4F5C-4B44-9272-FFFF00000020}.Release|x64.ActiveCfg = Release|x64
		{FE0BAF25-4F5C-4B44-9272-FFFF00000020}.Release|x64.Build.0 = Release|x64
		{FE0BAF25-4F5C-4B44-9272-FFFF00000020}.Release|x86.ActiveCfg = Release|Win32
		{FE0BAF25-4F5C-4B44-9272-FFFF00000020}.Release|x86.Build.0 = Release|Win32
		{FE0BAF25-4F5C-4B44-9272-FFFF00000027}.Debug|x32.ActiveCfg = Release|Win32
		{FE0BAF25-4F5C-4B44-9272-FFFF00000027}.Debug|x32.Build.0 = Release|Win32
		{FE0BAF25-4F5C-4B44-9272-FFFF00000027}.Debug|x64.ActiveCfg = Release|x64
		{FE0BAF25-4F5C-4B44-9272-FFFF00000027}.Debug|x64.Build.0 = Release|x64
		{FE0BAF25-4F5C-4B44-9272-FFFF00000027}.Debug|x86.ActiveCfg = Release|Win32
		{FE0BAF25-4F5C-4B44-9272-FFFF00000027}.Debug|x86.Build.0 = Release|Win32
		{FE0BAF25-4F5C-4B44-9272-FFFF00000027}.Release|x32.ActiveCfg = Release|Win32
		{FE0BAF25-4F5C-4B44-9272-FFFF00000027}.Release|x32.Build.0 = Release|Win32
		{FE0BAF25-4F5C-4B44-9272-FFFF00000027}.Release|x64.ActiveCfg = Release|x64
		{FE0BAF25-4F5C-4B44-9272-FFFF00000027}.Release|x64.Build.0 = Release|x64
		{FE0BAF25-4F5C-4B44-9272-FFFF00000027}.Release|x86.ActiveCfg = Release|Win32
		{FE0BAF25-4F5C-4B44-9272-FFFF00000027}.Release|x86.Build.0 = Release|Win32
		{FE0BAF25-4F5C-4B44-9272-FFFF00000036}.Debug|x32.ActiveCfg = Release|Win32
		{FE0BAF25-4F5C-4B44-9272-FFFF00000036}.Debug|x32.Build.0 = Release|Win32
		{FE0BAF25-4F5C-4B44-9272-FFFF00000036}.Debug|x64.ActiveCfg = Release|x64
		{FE0BAF25-4F5C-4B44-9272-FFFF00000036}.Debug|x64.Build.0 = Release|x64
		{FE0BAF25-4F5C-4B44-9272-FFFF00000036}.Debug|x86.ActiveCfg = Release|Win32
		{FE0BAF25-4F5C-4B44-9272-FFFF00000036}.Debug|x86.Build.0 = Release|Win32
		{FE0BAF25-4F5C-4B44-9272-FFFF00000036}.Release|x32.ActiveCfg = Release|Win32
		{FE0BAF25-4F5C-4B44-9272-FFFF00000036}.Release|x32.Build.0 = Release|Win32
		{FE0BAF25-4F5C-4B44-9272-FFFF00000036}.Release|x64.ActiveCfg = Release|x64
		{FE0BAF25-4F5C-4B44-9272-FFFF00000036}.Release|x64.Build.0 = Release|x64
		{FE0BAF25-4F5C-4B44-9272-FFFF00000036}.Release|x86.ActiveCfg = Release|Win32
		{FE0BAF25-4F5C-4B44-9272-FFFF00000036}.Release|x86.Build.0 = Release|Win32
		{97A5EF8C-9B2B-41D5-93AD-F4E1B53CACF2}.Debug|x32.ActiveCfg = Release|Win32
		{97A5EF8C-9B2B-41D5-93AD-F4E1B53CACF2}.Debug|x32.Build.0 = Release|Win32
		{97A5EF8C-9B2B-41D5-93AD-F4E1B53CACF2}.Debug|x64.ActiveCfg = Release|x64
		{97A5EF8C-9B2B-41D5-93AD-F4E1B53CACF2}.Debug|x64.Build.0 = Release|x64
		{97A5EF8C-9B2B-41D5-93AD-F4E1B53CACF2}.Debug|x86.ActiveCfg = Release|Win32
		{97A5EF8C-9B2B-41D5-93AD-F4E1B53CACF2}.Debug|x86.Build.0 = Release|Win32
		{97A5EF8C-9B2B-41D5-93AD-F4E1B53CACF2}.Release|x32.ActiveCfg = Release|Win32
		{97A5EF8C-9B2B-41D5-93AD-F4E1B53CACF2}.Release|x32.Build.0 = Release|Win32
		{97A5EF8C-9B2B-41D5-93AD-F4E1B53CACF2}.Release|x64.ActiveCfg = Release|x64
		{97A5EF8C-9B2B-41D5-93AD-F4E1B53CACF2}.Release|x64.Build.0 = Release|x64
		{97A5EF8C-9B2B-41D5-93AD-F4E1B53CACF2}.Release|x86.ActiveCfg = Release|Win32
		{97A5EF8C-9B2B-41D5-93AD-F4E1B53CACF2}.Release|x86.Build.0 = Release|Win32
		{FE0BAF25-4F5C-4B44-9272-FFFF00000019}.Debug|x32.ActiveCfg = Release|Win32
		{FE0BAF25-4F5C-4B44-9272-FFFF00000019}.Debug|x32.Build.0 = Release|Win32
		{FE0BAF25-4F5C-4B44-9272-FFFF00000019}.Debug|x64.ActiveCfg = Release|x64
		{FE0BAF25-4F5C-4B44-9272-FFFF00000019}.Debug|x64.Build.0 = Release|x64
		{FE0BAF25-4F5C-4B44-9272-FFFF00000019}.Debug|x86.ActiveCfg = Release|Win32
		{FE0BAF25-4F5C-4B44-9272-FFFF00000019}.Debug|x86.Build.0 = Release|Win32
		{FE0BAF25-4F5C-4B44-9272-FFFF00000019}.Release|x32.ActiveCfg = Release|Win32
		{FE0BAF25-4F5C-4B44-9272-FFFF00000019}.Release|x32.Build.0 = Release|Win32
		{FE0BAF25-4F5C-4B44-9272-FFFF00000019}.Release|x64.ActiveCfg = Release|x64
		{FE0BAF25-4F5C-4B44-9272-FFFF00000019}.Release|x64.Build.0 = Release|x64
		{FE0BAF25-4F5C-4B44-9272-FFFF00000019}.Release|x86.ActiveCfg = Release|Win32
		{FE0BAF25-4F5C-4B44-9272-FFFF00000019}.Release|x86.Build.0 = Release|Win32
		{FE0BAF25-4F5C-4B44-9272-FFFF00000015}.Debug|x32.ActiveCfg = Release|Win32
		{FE0BAF25-4F5C-4B44-9272-FFFF00000015}.Debug|x32.Build.0 = Release|Win32
		{FE0BAF25-4F5C-4B44-9272-FFFF00000015}.Debug|x64.ActiveCfg = Release|x64
		{FE0BAF25-4F5C-4B44-9272-FFFF00000015}.Debug|x64.Build.0 = Release|x64
		{FE0BAF25-4F5C-4B44-9272-FFFF00000015}.Debug|x86.ActiveCfg = Release|Win32
		{FE0BAF25-4F5C-4B44-9272-FFFF00000015}.Debug|x86.Build.0 = Release|Win32
		{FE0BAF25-4F5C-4B44-9272-FFFF00000015}.Release|x32.ActiveCfg = Release|Win32
		{FE0BAF25-4F5C-4B44-9272-FFFF00000015}.Release|x32.Build.0 = Release|Win32
		{FE0BAF25-4F5C-4B44-9272-FFFF00000015}.Release|x64.ActiveCfg = Release|x64
		{FE0BAF25-4F5C-4B44-9272-FFFF00000015}.Release|x64.Build.0 = Release|x64
		{FE0BAF25-4F5C-4B44-9272-FFFF00000015}.Release|x86.ActiveCfg = Release|Win32
		{FE0BAF25-4F5C-4B44-9272-FFFF00000015}.Release|x86.Build.0 = Release|Win32
		{FE0BAF25-4F5C-4B44-9272-FFFF00000024}.Debug|x32.ActiveCfg = Release|Win32
		{FE0BAF25-4F5C-4B44-9272-FFFF00000024}.Debug|x32.Build.0 = Release|Win32
		{FE0BAF25-4F5C-4B44-9272-FFFF00000024}.Debug|x64.ActiveCfg = Release|x64
		{FE0BAF25-4F5C-4B44-9272-FFFF00000024}.Debug|x64.Build.0 = Release|x64
		{FE0BAF25-4F5C-4B44-9272-FFFF00000024}.Debug|x86.ActiveCfg = Release|Win32
		{FE0BAF25-4F5C-4B44-9272-FFFF00000024}.Debug|x86.Build.0 = Release|Win32
		{FE0BAF25-4F5C-4B44-9272-FFFF00000024}.Release|x32.ActiveCfg = Release|Win32
		{FE0BAF25-4F5C-4B44-9272-FFFF00000024}.Release|x32.Build.0 = Release|Win32
		{FE0BAF25-4F5C-4B44-9272-FFFF00000024}.Release|x64.ActiveCfg = Release|x64
		{FE0BAF25-4F5C-4B44-9272-FFFF00000024}.Release|x64.Build.0 = Release|x64
		{FE0BAF25-4F5C-4B44-9272-FFFF00000024}.Release|x86.ActiveCfg = Release|Win32
		{FE0BAF25-4F5C-4B44-9272-FFFF00000024}.Release|x86.Build.0 = Release|Win32
		{FE0BAF25-4F5C-4B44-9272-FFFF00000029}.Debug|x32.ActiveCfg = Release|Win32
		{FE0BAF25-4F5C-4B44-9272-FFFF00000029}.Debug|x32.Build.0 = Release|Win32
		{FE0BAF25-4F5C-4B44-9272-FFFF00000029}.Debug|x64.ActiveCfg = Release|x64
		{FE0BAF25-4F5C-4B44-9272-FFFF00000029}.Debug|x64.Build.0 = Release|x64
		{FE0BAF25-4F5C-4B44-9272-FFFF00000029}.Debug|x86.ActiveCfg = Release|Win32
		{FE0BAF25-4F5C-4B44-9272-FFFF00000029}.Debug|x86.Build.0 = Release|Win32
		{FE0BAF25-4F5C-4B44-9272-FFFF00000029}.Release|x32.ActiveCfg = Release|Win32
		{FE0BAF25-4F5C-4B44-9272-FFFF00000029}.Release|x32.Build.0 = Release|Win32
		{FE0BAF25-4F5C-4B44-9272-FFFF00000029}.Release|x64.ActiveCfg = Release|x64
		{FE0BAF25-4F5C-4B44-9272-FFFF00000029}.Release|x64.Build.0 = Release|x64
		{FE0BAF25-4F5C-4B44-9272-FFFF00000029}.Release|x86.ActiveCfg = Release|Win32
		{FE0BAF25-4F5C-4B44-9272-FFFF00000029}.Release|x86.Build.0 = Release|Win32
		{FE0BAF25-4F5C-4B44-9272-FFFF00000098}.Debug|x32.ActiveCfg = Release|Win32
		{FE0BAF25-4F5C-4B44-9272-FFFF00000098}.Debug|x32.Build.0 = Release|Win32
		{FE0BAF25-4F5C-4B44-9272-FFFF00000098}.Debug|x64.ActiveCfg = Release|x64
		{FE0BAF25-4F5C-4B44-9272-FFFF00000098}.Debug|x64.Build.0 = Release|x64
		{FE0BAF25-4F5C-4B44-9272-FFFF00000098}.Debug|x86.ActiveCfg = Release|Win32
		{FE0BAF25-4F5C-4B44-9272-FFFF00000098}.Debug|x86.Build.0 = Release|Win32
		{FE0BAF25-4F5C-4B44-9272-FFFF00000098}.Release|x32.ActiveCfg = Release|Win32
		{FE0BAF25-4F5C-4B44-9272-FFFF00000098}.Release|x32.Build.0 = Release|Win32
		{FE0BAF25-4F5C-4B44-9272-FFFF00000098}.Release|x64.ActiveCfg = Release|x64
		{FE0BAF25-4F5C-4B44-9272-FFFF00000098}.Release|x64.Build.0 = Release|x64
		{FE0BAF25-4F5C-4B44-9272-FFFF00000098}.Release|x86.ActiveCfg = Release|Win32
		{FE0BAF25-4F5C-4B44-9272-FFFF00000098}.Release|x86.Build.0 = Release|Win32
		{FE0BAF25-4F5C-4B44-9272-FFFF00000022}.Debug|x32.ActiveCfg = Release|Win32
		{FE0BAF25-4F5C-4B44-9272-FFFF00000022}.Debug|x32.Build.0 = Release|Win32
		{FE0BAF25-4F5C-4B44-9272-FFFF00000022}.Debug|x64.ActiveCfg = Release|x64
		{FE0BAF25-4F5C-4B44-9272-FFFF00000022}.Debug|x64.Build.0 = Release|x64
		{FE0BAF25-4F5C-4B44-9272-FFFF00000022}.Debug|x86.ActiveCfg = Release|Win32
		{FE0BAF25-4F5C-4B44-9272-FFFF00000022}.Debug|x86.Build.0 = Release|Win32
		{FE0BAF25-4F5C-4B44-9272-FFFF00000022}.Release|x32.ActiveCfg = Release|Win32
		{FE0BAF25-4F5C-4B44-9272-FFFF00000022}.Release|x32.Build.0 = Release|Win32
		{FE0BAF25-4F5C-4B44-9272-FFFF00000022}.Release|x64.ActiveCfg = Release|x64
		{FE0BAF25-4F5C-4B44-9272-FFFF00000022}.Release|x64.Build.0 = Release|x64
		{FE0BAF25-4F5C-4B44-9272-FFFF00000022}.Release|x86.ActiveCfg = Release|Win32
		{FE0BAF25-4F5C-4B44-9272-FFFF00000022}.Release|x86.Build.0 = Release|Win32
	EndGlobalSection
	GlobalSection(SolutionProperties) = preSolution
		HideSolutionNode = FALSE
	EndGlobalSection
	GlobalSection(NestedProjects) = preSolution
		{93F0FDF9-7136-45CE-B098-541379D35070} = {DCEF2D40-5F65-46AD-8773-4204038A6D79}
		{C9F700C2-155F-458A-B29E-3E8FFCCDFE87} = {DCEF2D40-5F65-46AD-8773-4204038A6D79}
		{382D330F-CB2B-4189-81FE-EA7754EA41F2} = {DCEF2D40-5F65-46AD-8773-4204038A6D79}
		{4C0CC943-4AEB-48B3-A433-A8BB864F41B0} = {DCEF2D40-5F65-46AD-8773-4204038A6D79}
		{CD3E2202-B792-4FD9-B9B1-313224A46D76} = {DCEF2D40-5F65-46AD-8773-4204038A6D79}
		{FE0BAF25-4F5C-4B44-9272-FFFF00000025} = {DD450250-A421-491D-99A5-76C1A094A7C2}
		{23F5D121-DECE-5849-9FB7-979AC6276C01} = {75CB774A-D06A-4EBF-8128-C9964CDA4B18}
		{4C0CC943-4AEB-48B3-A433-A8CC864F42B1} = {DCEF2D40-5F65-46AD-8773-4204038A6D79}
		{B9C2EA1A-DB70-4A21-8C22-5B32D7584AF7} = {8153AE08-F501-4F00-BF8D-C39C78180851}
		{CD3E2202-B792-4FD9-A1A1-313224A4B4C4} = {DCEF2D40-5F65-46AD-8773-4204038A6D79}
		{4C0CC943-4AEB-48B3-A433-A8CC864F21B1} = {DCEF2D40-5F65-46AD-8773-4204038A6D79}
		{FE0BAF25-4F5C-4B44-9272-FFFF00000043} = {DD450250-A421-491D-99A5-76C1A094A7C2}
		{FE0BAF25-4F5C-4B44-9272-FFFF00000002} = {DD450250-A421-491D-99A5-76C1A094A7C2}
		{FE0BAF25-4F5C-4B44-9272-FFFF00000026} = {DD450250-A421-491D-99A5-76C1A094A7C2}
		{FE0BAF25-4F5C-4B44-9272-FFFF00000035} = {DD450250-A421-491D-99A5-76C1A094A7C2}
		{FE0BAF25-4F5C-4B44-9272-FFFF00000004} = {DD450250-A421-491D-99A5-76C1A094A7C2}
		{FE0BAF25-4F5C-4B44-9272-FFFF00000005} = {DD450250-A421-491D-99A5-76C1A094A7C2}
		{FE0BAF25-4F5C-4B44-9272-FFFF00000007} = {DD450250-A421-491D-99A5-76C1A094A7C2}
		{FE0BAF25-4F5C-4B44-9272-FFFF00000009} = {DD450250-A421-491D-99A5-76C1A094A7C2}
		{FE0BAF25-4F5C-4B44-9272-FFFF00000012} = {DD450250-A421-491D-99A5-76C1A094A7C2}
		{FE0BAF25-4F5C-4B44-9272-FFFF00000055} = {DD450250-A421-491D-99A5-76C1A094A7C2}
		{880DA508-E48F-4B3E-997C-B5FDE961359E} = {DD450250-A421-491D-99A5-76C1A094A7C2}
		{FE0BAF25-4F5C-4B44-9272-FFFF00000014} = {DD450250-A421-491D-99A5-76C1A094A7C2}
		{FE0BAF25-4F5C-4B44-9272-FFFF00000017} = {DD450250-A421-491D-99A5-76C1A094A7C2}
		{FE0BAF25-4F5C-4B44-9272-FFFF00000020} = {DD450250-A421-491D-99A5-76C1A094A7C2}
		{FE0BAF25-4F5C-4B44-9272-FFFF00000027} = {DD450250-A421-491D-99A5-76C1A094A7C2}
		{FE0BAF25-4F5C-4B44-9272-FFFF00000036} = {DD450250-A421-491D-99A5-76C1A094A7C2}
		{97A5EF8C-9B2B-41D5-93AD-F4E1B53CACF2} = {DD450250-A421-491D-99A5-76C1A094A7C2}
		{FE0BAF25-4F5C-4B44-9272-FFFF00000019} = {DD450250-A421-491D-99A5-76C1A094A7C2}
		{FE0BAF25-4F5C-4B44-9272-FFFF00000015} = {DD450250-A421-491D-99A5-76C1A094A7C2}
		{FE0BAF25-4F5C-4B44-9272-FFFF00000024} = {DD450250-A421-491D-99A5-76C1A094A7C2}
		{FE0BAF25-4F5C-4B44-9272-FFFF00000029} = {DD450250-A421-491D-99A5-76C1A094A7C2}
		{FE0BAF25-4F5C-4B44-9272-FFFF00000098} = {DD450250-A421-491D-99A5-76C1A094A7C2}
		{FE0BAF25-4F5C-4B44-9272-FFFF00000022} = {DD450250-A421-491D-99A5-76C1A094A7C2}
	EndGlobalSection
	GlobalSection(ExtensibilityGlobals) = postSolution
		SolutionGuid = {8561D079-1F99-4C73-A1E7-591CF150A8FB}
	EndGlobalSection
EndGlobal
