<?xml version="1.0" encoding="utf-8"?>
<Project ToolsVersion="4.0" xmlns="http://schemas.microsoft.com/developer/msbuild/2003">
  <ItemGroup>
    <Filter Include="Исходные файлы">
      <UniqueIdentifier>{4FC737F1-C7A5-4376-A066-2A32D752A2FF}</UniqueIdentifier>
      <Extensions>cpp;c;cc;cxx;c++;cppm;ixx;def;odl;idl;hpj;bat;asm;asmx</Extensions>
    </Filter>
    <Filter Include="Файлы заголовков">
      <UniqueIdentifier>{93995380-89BD-4b04-88EB-625FBE52EBFB}</UniqueIdentifier>
      <Extensions>h;hh;hpp;hxx;h++;hm;inl;inc;ipp;xsd</Extensions>
    </Filter>
    <Filter Include="Файлы ресурсов">
      <UniqueIdentifier>{67DA6AB6-F800-4c08-8B7A-83BB121AAD01}</UniqueIdentifier>
      <Extensions>rc;ico;cur;bmp;dlg;rc2;rct;bin;rgs;gif;jpg;jpeg;jpe;resx;tiff;tif;png;wav;mfcribbon-ms</Extensions>
    </Filter>
    <Filter Include="Файлы ресурсов\ICONS">
      <UniqueIdentifier>{c2925589-af05-49e8-98fa-827b9d43ae72}</UniqueIdentifier>
    </Filter>
    <Filter Include="Файлы ресурсов\LVICON">
      <UniqueIdentifier>{5eee8cf9-3c48-4f2c-9609-a17bda4a6f05}</UniqueIdentifier>
    </Filter>
    <Filter Include="Файлы ресурсов\MENUICON">
      <UniqueIdentifier>{1b2e07a0-7685-4d71-8622-0653f4588120}</UniqueIdentifier>
    </Filter>
  </ItemGroup>
  <ItemGroup>
    <ClInclude Include="h\DialogStart.h">
      <Filter>Файлы заголовков</Filter>
    </ClInclude>
    <ClInclude Include="h\TrayNotify.h">
      <Filter>Файлы заголовков</Filter>
    </ClInclude>
    <ClInclude Include="h\DialogMonitor.h">
      <Filter>Файлы заголовков</Filter>
    </ClInclude>
    <ClInclude Include="h\TrayMenu.h">
      <Filter>Файлы заголовков</Filter>
    </ClInclude>
    <ClInclude Include="h\DialogConfig.h">
      <Filter>Файлы заголовков</Filter>
    </ClInclude>
    <ClInclude Include="h\ListEdit.h">
      <Filter>Файлы заголовков</Filter>
    </ClInclude>
    <ClInclude Include="rc\resource.h">
      <Filter>Файлы заголовков</Filter>
    </ClInclude>
    <ClInclude Include="h\MIDIMT.h">
      <Filter>Файлы заголовков</Filter>
    </ClInclude>
    <ClInclude Include="h\CbEvent.h">
      <Filter>Файлы заголовков</Filter>
    </ClInclude>
    <ClInclude Include="h\LangInterface.h">
      <Filter>Файлы заголовков</Filter>
    </ClInclude>
    <ClInclude Include="h\GuiUtils.h">
      <Filter>Файлы заголовков</Filter>
    </ClInclude>
    <ClInclude Include="h\DialogAbout.h">
      <Filter>Файлы заголовков</Filter>
    </ClInclude>
    <ClInclude Include="h\ext\lodepng.h">
      <Filter>Файлы заголовков</Filter>
    </ClInclude>
    <ClInclude Include="h\mixer\AudioMixerPanel.h">
      <Filter>Файлы заголовков</Filter>
    </ClInclude>
    <ClInclude Include="h\mixer\AudioMixerPanels.h">
      <Filter>Файлы заголовков</Filter>
    </ClInclude>
    <ClInclude Include="h\mixer\Sprite.h">
      <Filter>Файлы заголовков</Filter>
    </ClInclude>
    <ClInclude Include="h\mixer\Sprites.h">
      <Filter>Файлы заголовков</Filter>
    </ClInclude>
    <ClInclude Include="h\mixer\DialogThemeColors.h">
      <Filter>Файлы заголовков</Filter>
    </ClInclude>
    <ClInclude Include="h\CheckRun.h">
      <Filter>Файлы заголовков</Filter>
    </ClInclude>
  </ItemGroup>
  <ItemGroup>
    <ClCompile Include="cpp\MIDIMT.cpp">
      <Filter>Исходные файлы</Filter>
    </ClCompile>
    <ClCompile Include="cpp\DialogStart.cpp">
      <Filter>Исходные файлы</Filter>
    </ClCompile>
    <ClCompile Include="cpp\TrayNotify.cpp">
      <Filter>Исходные файлы</Filter>
    </ClCompile>
    <ClCompile Include="cpp\DialogMonitor.cpp">
      <Filter>Исходные файлы</Filter>
    </ClCompile>
    <ClCompile Include="cpp\TrayMenu.cpp">
      <Filter>Исходные файлы</Filter>
    </ClCompile>
    <ClCompile Include="cpp\DialogConfig.cpp">
      <Filter>Исходные файлы</Filter>
    </ClCompile>
    <ClCompile Include="cpp\ListEdit.cpp">
      <Filter>Исходные файлы</Filter>
    </ClCompile>
    <ClCompile Include="cpp\CbEvent.cpp">
      <Filter>Исходные файлы</Filter>
    </ClCompile>
    <ClCompile Include="cpp\LangInterface.cpp">
      <Filter>Исходные файлы</Filter>
    </ClCompile>
    <ClCompile Include="cpp\GuiUtils.cpp">
      <Filter>Исходные файлы</Filter>
    </ClCompile>
    <ClCompile Include="cpp\DialogAbout.cpp">
      <Filter>Исходные файлы</Filter>
    </ClCompile>
    <ClCompile Include="cpp\ext\lodepng.cpp">
      <Filter>Исходные файлы</Filter>
    </ClCompile>
    <ClCompile Include="cpp\mixer\AudioMixerPanel.cpp">
      <Filter>Исходные файлы</Filter>
    </ClCompile>
    <ClCompile Include="cpp\mixer\AudioMixerPanels.cpp">
      <Filter>Исходные файлы</Filter>
    </ClCompile>
    <ClCompile Include="cpp\mixer\Sprite.cpp">
      <Filter>Исходные файлы</Filter>
    </ClCompile>
    <ClCompile Include="cpp\mixer\Sprites.cpp">
      <Filter>Исходные файлы</Filter>
    </ClCompile>
    <ClCompile Include="cpp\mixer\DialogThemeColors.cpp">
      <Filter>Исходные файлы</Filter>
    </ClCompile>
    <ClCompile Include="cpp\CheckRun.cpp">
      <Filter>Исходные файлы</Filter>
    </ClCompile>
  </ItemGroup>
  <ItemGroup>
    <ResourceCompile Include="rc\MIDIMT.rc">
      <Filter>Файлы ресурсов</Filter>
    </ResourceCompile>
  </ItemGroup>
  <ItemGroup>
    <Image Include="rc\ico\AboutLogo.bmp">
      <Filter>Файлы ресурсов</Filter>
    </Image>
    <Image Include="rc\ico\MIDIMT.ico">
      <Filter>Файлы ресурсов</Filter>
    </Image>
    <Image Include="rc\ico\MIDIMTsmall.ico">
      <Filter>Файлы ресурсов</Filter>
    </Image>
    <Image Include="rc\ico\AkarCirclex.ico">
      <Filter>Файлы ресурсов\ICONS</Filter>
    </Image>
    <Image Include="rc\ico\AkarDots.ico">
      <Filter>Файлы ресурсов\ICONS</Filter>
    </Image>
    <Image Include="rc\ico\AkarFile.ico">
      <Filter>Файлы ресурсов\ICONS</Filter>
    </Image>
    <Image Include="rc\ico\AkarFolder.ico">
      <Filter>Файлы ресурсов\ICONS</Filter>
    </Image>
    <Image Include="rc\ico\AkarFolderplus.ico">
      <Filter>Файлы ресурсов\ICONS</Filter>
    </Image>
    <Image Include="rc\ico\AkarSliderHorizontal.ico">
      <Filter>Файлы ресурсов\ICONS</Filter>
    </Image>
    <Image Include="rc\ico\AkarSoundoff.ico">
      <Filter>Файлы ресурсов\ICONS</Filter>
    </Image>
    <Image Include="rc\ico\AkarSoundon.ico">
      <Filter>Файлы ресурсов\ICONS</Filter>
    </Image>
    <Image Include="rc\ico\LV1.ico">
      <Filter>Файлы ресурсов\LVICON</Filter>
    </Image>
    <Image Include="rc\ico\LV2.ico">
      <Filter>Файлы ресурсов\LVICON</Filter>
    </Image>
    <Image Include="rc\ico\LV3.ico">
      <Filter>Файлы ресурсов\LVICON</Filter>
    </Image>
    <Image Include="rc\ico\LV4.ico">
      <Filter>Файлы ресурсов\LVICON</Filter>
    </Image>
    <Image Include="rc\ico\LV5.ico">
      <Filter>Файлы ресурсов\LVICON</Filter>
    </Image>
    <Image Include="rc\ico\AkarMenuExit.ico">
      <Filter>Файлы ресурсов\MENUICON</Filter>
    </Image>
    <Image Include="rc\ico\AkarMenuMidiSetup.ico">
      <Filter>Файлы ресурсов\MENUICON</Filter>
    </Image>
    <Image Include="rc\ico\AkarMenuMixer.ico">
      <Filter>Файлы ресурсов\MENUICON</Filter>
    </Image>
    <Image Include="rc\ico\AkarMenuMonitor.ico">
      <Filter>Файлы ресурсов\MENUICON</Filter>
    </Image>
    <Image Include="rc\ico\AkarMenuNone.ico">
      <Filter>Файлы ресурсов\MENUICON</Filter>
    </Image>
    <Image Include="rc\ico\AkarMenuNotify.ico">
      <Filter>Файлы ресурсов\MENUICON</Filter>
    </Image>
    <Image Include="rc\ico\AkarMenuPlay.ico">
      <Filter>Файлы ресурсов\MENUICON</Filter>
    </Image>
    <Image Include="rc\ico\AkarMenuStop.ico">
      <Filter>Файлы ресурсов\MENUICON</Filter>
    </Image>
    <Image Include="rc\ico\AkarMenuDark.ico">
      <Filter>Файлы ресурсов\MENUICON</Filter>
    </Image>
    <Image Include="rc\ico\AkarMenuLight.ico">
      <Filter>Файлы ресурсов\MENUICON</Filter>
    </Image>
    <Image Include="ico\AkarMenuExit.ico">
      <Filter>Файлы ресурсов</Filter>
    </Image>
    <Image Include="ico\AkarMenuMidiSetup.ico">
      <Filter>Файлы ресурсов</Filter>
    </Image>
    <Image Include="ico\AkarMenuMixer.ico">
      <Filter>Файлы ресурсов</Filter>
    </Image>
    <Image Include="ico\AkarMenuMonitor.ico">
      <Filter>Файлы ресурсов</Filter>
    </Image>
    <Image Include="ico\AkarMenuNone.ico">
      <Filter>Файлы ресурсов</Filter>
    </Image>
    <Image Include="ico\AkarMenuNotify.ico">
      <Filter>Файлы ресурсов</Filter>
    </Image>
    <Image Include="ico\AkarMenuPlay.ico">
      <Filter>Файлы ресурсов</Filter>
    </Image>
    <Image Include="ico\AkarMenuStop.ico">
      <Filter>Файлы ресурсов</Filter>
    </Image>
    <Image Include="rc\sprites\metro-enabled.png">
      <Filter>Файлы ресурсов</Filter>
    </Image>
    <Image Include="rc\sprites\metro-disabled.png">
      <Filter>Файлы ресурсов</Filter>
    </Image>
    <Image Include="rc\sprites\dark-enabled.png">
      <Filter>Файлы ресурсов</Filter>
    </Image>
    <Image Include="rc\sprites\dark-disabled.png">
      <Filter>Файлы ресурсов</Filter>
    </Image>
    <Image Include="rc\sprites\light-enabled.png">
      <Filter>Файлы ресурсов</Filter>
    </Image>
    <Image Include="rc\sprites\light-disabled.png">
      <Filter>Файлы ресурсов</Filter>
    </Image>
  </ItemGroup>
  <ItemGroup>
    <None Include="..\.editorconfig" />
    <None Include="cpp.hint" />
  </ItemGroup>
</Project>